// !$*UTF8*$!
{
	archiveVersion = 1;
	classes = {
	};
	objectVersion = 46;
	objects = {

/* Begin PBXBuildFile section */
		E51F3D6A1EF2753F00B1B201 /* ijkversion.h in Headers */ = {isa = PBXBuildFile; fileRef = E51F3D691EF2753F00B1B201 /* ijkversion.h */; };
		E5580ADB1EEC0C87001BEA47 /* IJKMediaPlayer.framework in Frameworks */ = {isa = PBXBuildFile; fileRef = E5580AD11EEC0C87001BEA47 /* IJKMediaPlayer.framework */; };
		E5580AE01EEC0C87001BEA47 /* IJKMediaPlayerTests.m in Sources */ = {isa = PBXBuildFile; fileRef = E5580ADF1EEC0C87001BEA47 /* IJKMediaPlayerTests.m */; };
		E55AD5E41F7258750041C09A /* ijk_ffplay_decoder.h in Headers */ = {isa = PBXBuildFile; fileRef = E55AD5E01F7258750041C09A /* ijk_ffplay_decoder.h */; };
		E55AD5E51F7258750041C09A /* ijk_ffplay_decoder.mm in Sources */ = {isa = PBXBuildFile; fileRef = E55AD5E11F7258750041C09A /* ijk_ffplay_decoder.mm */; };
		E55AD5E61F7258750041C09A /* ijk_frame.h in Headers */ = {isa = PBXBuildFile; fileRef = E55AD5E21F7258750041C09A /* ijk_frame.h */; };
		E55AD5E71F7258750041C09A /* ijk_metadata.h in Headers */ = {isa = PBXBuildFile; fileRef = E55AD5E31F7258750041C09A /* ijk_metadata.h */; };
		E55AD5ED1F726DDA0041C09A /* IJKFFMoviePlayerController.h in Headers */ = {isa = PBXBuildFile; fileRef = E55AD5EB1F726DDA0041C09A /* IJKFFMoviePlayerController.h */; };
		E55AD5EE1F726DDA0041C09A /* IJKFFMoviePlayerController.m in Sources */ = {isa = PBXBuildFile; fileRef = E55AD5EC1F726DDA0041C09A /* IJKFFMoviePlayerController.m */; };
		E5B6F8251EF811ED004ECDD4 /* IJKAudioKit.h in Headers */ = {isa = PBXBuildFile; fileRef = E5B6F8141EF811EC004ECDD4 /* IJKAudioKit.h */; };
		E5B6F8261EF811ED004ECDD4 /* IJKAudioKit.m in Sources */ = {isa = PBXBuildFile; fileRef = E5B6F8151EF811EC004ECDD4 /* IJKAudioKit.m */; };
		E5B6F8271EF811ED004ECDD4 /* IJKDeviceModel.h in Headers */ = {isa = PBXBuildFile; fileRef = E5B6F8161EF811EC004ECDD4 /* IJKDeviceModel.h */; };
		E5B6F8281EF811ED004ECDD4 /* IJKDeviceModel.m in Sources */ = {isa = PBXBuildFile; fileRef = E5B6F8171EF811EC004ECDD4 /* IJKDeviceModel.m */; };
		E5B6F8291EF811ED004ECDD4 /* IJKKVOController.h in Headers */ = {isa = PBXBuildFile; fileRef = E5B6F8181EF811EC004ECDD4 /* IJKKVOController.h */; };
		E5B6F82A1EF811ED004ECDD4 /* IJKKVOController.m in Sources */ = {isa = PBXBuildFile; fileRef = E5B6F8191EF811EC004ECDD4 /* IJKKVOController.m */; };
		E5B6F82B1EF811ED004ECDD4 /* IJKMediaModule.h in Headers */ = {isa = PBXBuildFile; fileRef = E5B6F81A1EF811EC004ECDD4 /* IJKMediaModule.h */; };
		E5B6F82C1EF811ED004ECDD4 /* IJKMediaModule.m in Sources */ = {isa = PBXBuildFile; fileRef = E5B6F81B1EF811EC004ECDD4 /* IJKMediaModule.m */; };
		E5B6F82D1EF811ED004ECDD4 /* IJKMediaPlayback.h in Headers */ = {isa = PBXBuildFile; fileRef = E5B6F81C1EF811EC004ECDD4 /* IJKMediaPlayback.h */; };
		E5B6F82E1EF811ED004ECDD4 /* IJKMediaPlayback.m in Sources */ = {isa = PBXBuildFile; fileRef = E5B6F81D1EF811EC004ECDD4 /* IJKMediaPlayback.m */; };
		E5B6F82F1EF811ED004ECDD4 /* IJKMediaPlayer.h in Headers */ = {isa = PBXBuildFile; fileRef = E5B6F81E1EF811EC004ECDD4 /* IJKMediaPlayer.h */; };
		E5B6F8301EF811ED004ECDD4 /* IJKMediaUtils.h in Headers */ = {isa = PBXBuildFile; fileRef = E5B6F81F1EF811EC004ECDD4 /* IJKMediaUtils.h */; };
		E5B6F8311EF811ED004ECDD4 /* IJKMediaUtils.m in Sources */ = {isa = PBXBuildFile; fileRef = E5B6F8201EF811ED004ECDD4 /* IJKMediaUtils.m */; };
		E5B6F8321EF811ED004ECDD4 /* IJKNotificationManager.h in Headers */ = {isa = PBXBuildFile; fileRef = E5B6F8211EF811ED004ECDD4 /* IJKNotificationManager.h */; };
		E5B6F8331EF811ED004ECDD4 /* IJKNotificationManager.m in Sources */ = {isa = PBXBuildFile; fileRef = E5B6F8221EF811ED004ECDD4 /* IJKNotificationManager.m */; };
		E5B6F8341EF811ED004ECDD4 /* NSString+IJKMedia.h in Headers */ = {isa = PBXBuildFile; fileRef = E5B6F8231EF811ED004ECDD4 /* NSString+IJKMedia.h */; };
		E5B6F8351EF811ED004ECDD4 /* NSString+IJKMedia.m in Sources */ = {isa = PBXBuildFile; fileRef = E5B6F8241EF811ED004ECDD4 /* NSString+IJKMedia.m */; };
		E5B6F8911EF8195A004ECDD4 /* IJKFFMonitor.h in Headers */ = {isa = PBXBuildFile; fileRef = E5B6F84B1EF8195A004ECDD4 /* IJKFFMonitor.h */; };
		E5B6F8921EF8195A004ECDD4 /* IJKFFMonitor.m in Sources */ = {isa = PBXBuildFile; fileRef = E5B6F84C1EF8195A004ECDD4 /* IJKFFMonitor.m */; };
		E5B6F8951EF8195A004ECDD4 /* IJKFFMoviePlayerDef.h in Headers */ = {isa = PBXBuildFile; fileRef = E5B6F84F1EF8195A004ECDD4 /* IJKFFMoviePlayerDef.h */; };
		E5B6F8961EF8195A004ECDD4 /* IJKFFMoviePlayerDef.m in Sources */ = {isa = PBXBuildFile; fileRef = E5B6F8501EF8195A004ECDD4 /* IJKFFMoviePlayerDef.m */; };
		E5B6F8971EF8195A004ECDD4 /* IJKFFOptions.h in Headers */ = {isa = PBXBuildFile; fileRef = E5B6F8511EF8195A004ECDD4 /* IJKFFOptions.h */; };
		E5B6F8981EF8195A004ECDD4 /* IJKFFOptions.m in Sources */ = {isa = PBXBuildFile; fileRef = E5B6F8521EF8195A004ECDD4 /* IJKFFOptions.m */; };
		E5B6F8991EF8195A004ECDD4 /* ijkplayer_ios.h in Headers */ = {isa = PBXBuildFile; fileRef = E5B6F8561EF8195A004ECDD4 /* ijkplayer_ios.h */; };
		E5B6F89A1EF8195A004ECDD4 /* ijkplayer_ios.m in Sources */ = {isa = PBXBuildFile; fileRef = E5B6F8571EF8195A004ECDD4 /* ijkplayer_ios.m */; settings = {COMPILER_FLAGS = "-fno-objc-arc"; }; };
		E5B6F89B1EF8195A004ECDD4 /* avqueue.c in Sources */ = {isa = PBXBuildFile; fileRef = E5B6F8591EF8195A004ECDD4 /* avqueue.c */; };
		E5B6F89C1EF8195A004ECDD4 /* avqueue.h in Headers */ = {isa = PBXBuildFile; fileRef = E5B6F85A1EF8195A004ECDD4 /* avqueue.h */; };
		E5B6F89D1EF8195A004ECDD4 /* bufchan.c in Sources */ = {isa = PBXBuildFile; fileRef = E5B6F85B1EF8195A004ECDD4 /* bufchan.c */; };
		E5B6F89E1EF8195A004ECDD4 /* bufchan.h in Headers */ = {isa = PBXBuildFile; fileRef = E5B6F85C1EF8195A004ECDD4 /* bufchan.h */; };
		E5B6F89F1EF8195A004ECDD4 /* decode.c in Sources */ = {isa = PBXBuildFile; fileRef = E5B6F85D1EF8195A004ECDD4 /* decode.c */; };
		E5B6F8A01EF8195A004ECDD4 /* decode.h in Headers */ = {isa = PBXBuildFile; fileRef = E5B6F85E1EF8195A004ECDD4 /* decode.h */; };
		E5B6F8A11EF8195A004ECDD4 /* fifo.c in Sources */ = {isa = PBXBuildFile; fileRef = E5B6F85F1EF8195A004ECDD4 /* fifo.c */; };
		E5B6F8A21EF8195A004ECDD4 /* fifo.h in Headers */ = {isa = PBXBuildFile; fileRef = E5B6F8601EF8195A004ECDD4 /* fifo.h */; };
		E5B6F8A31EF8195A004ECDD4 /* frame.h in Headers */ = {isa = PBXBuildFile; fileRef = E5B6F8611EF8195A004ECDD4 /* frame.h */; };
		E5B6F8A41EF8195A004ECDD4 /* netio.c in Sources */ = {isa = PBXBuildFile; fileRef = E5B6F8621EF8195A004ECDD4 /* netio.c */; };
		E5B6F8A51EF8195A004ECDD4 /* netio.h in Headers */ = {isa = PBXBuildFile; fileRef = E5B6F8631EF8195A004ECDD4 /* netio.h */; };
		E5B6F8A61EF8195A004ECDD4 /* queue.c in Sources */ = {isa = PBXBuildFile; fileRef = E5B6F8641EF8195A004ECDD4 /* queue.c */; };
		E5B6F8A71EF8195A004ECDD4 /* queue.h in Headers */ = {isa = PBXBuildFile; fileRef = E5B6F8651EF8195A004ECDD4 /* queue.h */; };
		E5B6F8A81EF8195A004ECDD4 /* rtspdec.c in Sources */ = {isa = PBXBuildFile; fileRef = E5B6F8661EF8195A004ECDD4 /* rtspdec.c */; };
		E5B6F8A91EF8195A004ECDD4 /* rtspdec.h in Headers */ = {isa = PBXBuildFile; fileRef = E5B6F8671EF8195A004ECDD4 /* rtspdec.h */; };
		E5B6F8AA1EF8195A004ECDD4 /* rtspsink.c in Sources */ = {isa = PBXBuildFile; fileRef = E5B6F8681EF8195A004ECDD4 /* rtspsink.c */; };
		E5B6F8AB1EF8195A004ECDD4 /* rtspsink.h in Headers */ = {isa = PBXBuildFile; fileRef = E5B6F8691EF8195A004ECDD4 /* rtspsink.h */; };
		E5B6F8AC1EF8195A004ECDD4 /* tcpsink.c in Sources */ = {isa = PBXBuildFile; fileRef = E5B6F86A1EF8195A004ECDD4 /* tcpsink.c */; };
		E5B6F8AD1EF8195A004ECDD4 /* tcpsink.h in Headers */ = {isa = PBXBuildFile; fileRef = E5B6F86B1EF8195A004ECDD4 /* tcpsink.h */; };
		E5B6F8AE1EF8195A004ECDD4 /* url.c in Sources */ = {isa = PBXBuildFile; fileRef = E5B6F86C1EF8195A004ECDD4 /* url.c */; };
		E5B6F8AF1EF8195A004ECDD4 /* url.h in Headers */ = {isa = PBXBuildFile; fileRef = E5B6F86D1EF8195A004ECDD4 /* url.h */; };
		E5B6F8B01EF8195A004ECDD4 /* viddec.c in Sources */ = {isa = PBXBuildFile; fileRef = E5B6F86E1EF8195A004ECDD4 /* viddec.c */; };
		E5B6F8B11EF8195A004ECDD4 /* viddec.h in Headers */ = {isa = PBXBuildFile; fileRef = E5B6F86F1EF8195A004ECDD4 /* viddec.h */; };
		E5B6F8B21EF8195A004ECDD4 /* videosink.c in Sources */ = {isa = PBXBuildFile; fileRef = E5B6F8701EF8195A004ECDD4 /* videosink.c */; };
		E5B6F8B31EF8195A004ECDD4 /* videosink.h in Headers */ = {isa = PBXBuildFile; fileRef = E5B6F8711EF8195A004ECDD4 /* videosink.h */; };
		E5B6F8B41EF8195A004ECDD4 /* ffpipeline_ios.c in Sources */ = {isa = PBXBuildFile; fileRef = E5B6F8731EF8195A004ECDD4 /* ffpipeline_ios.c */; };
		E5B6F8B51EF8195A004ECDD4 /* ffpipeline_ios.h in Headers */ = {isa = PBXBuildFile; fileRef = E5B6F8741EF8195A004ECDD4 /* ffpipeline_ios.h */; };
		E5B6F8B61EF8195A004ECDD4 /* ffpipenode_ios_videotoolbox_vdec.h in Headers */ = {isa = PBXBuildFile; fileRef = E5B6F8751EF8195A004ECDD4 /* ffpipenode_ios_videotoolbox_vdec.h */; };
		E5B6F8B71EF8195A004ECDD4 /* ffpipenode_ios_videotoolbox_vdec.m in Sources */ = {isa = PBXBuildFile; fileRef = E5B6F8761EF8195A004ECDD4 /* ffpipenode_ios_videotoolbox_vdec.m */; };
		E5B6F8B81EF8195A004ECDD4 /* h264_sps_parser.h in Headers */ = {isa = PBXBuildFile; fileRef = E5B6F8771EF8195A004ECDD4 /* h264_sps_parser.h */; };
		E5B6F8B91EF8195A004ECDD4 /* IJKVideoToolBox.h in Headers */ = {isa = PBXBuildFile; fileRef = E5B6F8781EF8195A004ECDD4 /* IJKVideoToolBox.h */; };
		E5B6F8BA1EF8195A004ECDD4 /* IJKVideoToolBox.m in Sources */ = {isa = PBXBuildFile; fileRef = E5B6F8791EF8195A004ECDD4 /* IJKVideoToolBox.m */; };
		E5B6F8BB1EF8195A004ECDD4 /* ijksdl_aout_ios_audiounit.h in Headers */ = {isa = PBXBuildFile; fileRef = E5B6F87C1EF8195A004ECDD4 /* ijksdl_aout_ios_audiounit.h */; };
		E5B6F8BC1EF8195A004ECDD4 /* ijksdl_aout_ios_audiounit.m in Sources */ = {isa = PBXBuildFile; fileRef = E5B6F87D1EF8195A004ECDD4 /* ijksdl_aout_ios_audiounit.m */; settings = {COMPILER_FLAGS = "-fno-objc-arc"; }; };
		E5B6F8BD1EF8195A004ECDD4 /* ijksdl_ios.h in Headers */ = {isa = PBXBuildFile; fileRef = E5B6F87E1EF8195A004ECDD4 /* ijksdl_ios.h */; };
		E5B6F8BE1EF8195A004ECDD4 /* ijksdl_thread_ios.h in Headers */ = {isa = PBXBuildFile; fileRef = E5B6F87F1EF8195A004ECDD4 /* ijksdl_thread_ios.h */; };
		E5B6F8BF1EF8195A004ECDD4 /* ijksdl_thread_ios.m in Sources */ = {isa = PBXBuildFile; fileRef = E5B6F8801EF8195A004ECDD4 /* ijksdl_thread_ios.m */; };
		E5B6F8C01EF8195A004ECDD4 /* ijksdl_vout_ios_gles2.h in Headers */ = {isa = PBXBuildFile; fileRef = E5B6F8811EF8195A004ECDD4 /* ijksdl_vout_ios_gles2.h */; };
		E5B6F8C11EF8195A004ECDD4 /* ijksdl_vout_ios_gles2.m in Sources */ = {isa = PBXBuildFile; fileRef = E5B6F8821EF8195A004ECDD4 /* ijksdl_vout_ios_gles2.m */; settings = {COMPILER_FLAGS = "-fno-objc-arc"; }; };
		E5B6F8C21EF8195A004ECDD4 /* ijksdl_vout_overlay_videotoolbox.h in Headers */ = {isa = PBXBuildFile; fileRef = E5B6F8831EF8195A004ECDD4 /* ijksdl_vout_overlay_videotoolbox.h */; };
		E5B6F8C31EF8195A004ECDD4 /* ijksdl_vout_overlay_videotoolbox.m in Sources */ = {isa = PBXBuildFile; fileRef = E5B6F8841EF8195A004ECDD4 /* ijksdl_vout_overlay_videotoolbox.m */; };
		E5B6F8C41EF8195A004ECDD4 /* IJKSDLAudioKit.h in Headers */ = {isa = PBXBuildFile; fileRef = E5B6F8851EF8195A004ECDD4 /* IJKSDLAudioKit.h */; };
		E5B6F8C51EF8195A004ECDD4 /* IJKSDLAudioKit.m in Sources */ = {isa = PBXBuildFile; fileRef = E5B6F8861EF8195A004ECDD4 /* IJKSDLAudioKit.m */; };
		E5B6F8C61EF8195A004ECDD4 /* IJKSDLAudioQueueController.h in Headers */ = {isa = PBXBuildFile; fileRef = E5B6F8871EF8195A004ECDD4 /* IJKSDLAudioQueueController.h */; };
		E5B6F8C71EF8195A004ECDD4 /* IJKSDLAudioQueueController.m in Sources */ = {isa = PBXBuildFile; fileRef = E5B6F8881EF8195A004ECDD4 /* IJKSDLAudioQueueController.m */; };
		E5B6F8C81EF8195A004ECDD4 /* IJKSDLAudioUnitController.h in Headers */ = {isa = PBXBuildFile; fileRef = E5B6F8891EF8195A004ECDD4 /* IJKSDLAudioUnitController.h */; };
		E5B6F8C91EF8195A004ECDD4 /* IJKSDLAudioUnitController.m in Sources */ = {isa = PBXBuildFile; fileRef = E5B6F88A1EF8195A004ECDD4 /* IJKSDLAudioUnitController.m */; };
		E5B6F8F61EF819D6004ECDD4 /* config.h in Headers */ = {isa = PBXBuildFile; fileRef = E5B6F8D01EF819D6004ECDD4 /* config.h */; };
		E5B6F8F71EF819D6004ECDD4 /* ff_cmdutils.c in Sources */ = {isa = PBXBuildFile; fileRef = E5B6F8D11EF819D6004ECDD4 /* ff_cmdutils.c */; };
		E5B6F8F81EF819D6004ECDD4 /* ff_cmdutils.h in Headers */ = {isa = PBXBuildFile; fileRef = E5B6F8D21EF819D6004ECDD4 /* ff_cmdutils.h */; };
		E5B6F8F91EF819D6004ECDD4 /* ff_fferror.h in Headers */ = {isa = PBXBuildFile; fileRef = E5B6F8D31EF819D6004ECDD4 /* ff_fferror.h */; };
		E5B6F8FA1EF819D6004ECDD4 /* ff_ffinc.h in Headers */ = {isa = PBXBuildFile; fileRef = E5B6F8D41EF819D6004ECDD4 /* ff_ffinc.h */; };
		E5B6F8FB1EF819D6004ECDD4 /* ff_ffmsg_queue.h in Headers */ = {isa = PBXBuildFile; fileRef = E5B6F8D51EF819D6004ECDD4 /* ff_ffmsg_queue.h */; };
		E5B6F8FC1EF819D6004ECDD4 /* ff_ffmsg.h in Headers */ = {isa = PBXBuildFile; fileRef = E5B6F8D61EF819D6004ECDD4 /* ff_ffmsg.h */; };
		E5B6F8FD1EF819D6004ECDD4 /* ff_ffpipeline.c in Sources */ = {isa = PBXBuildFile; fileRef = E5B6F8D71EF819D6004ECDD4 /* ff_ffpipeline.c */; };
		E5B6F8FE1EF819D6004ECDD4 /* ff_ffpipeline.h in Headers */ = {isa = PBXBuildFile; fileRef = E5B6F8D81EF819D6004ECDD4 /* ff_ffpipeline.h */; };
		E5B6F8FF1EF819D6004ECDD4 /* ff_ffpipenode.c in Sources */ = {isa = PBXBuildFile; fileRef = E5B6F8D91EF819D6004ECDD4 /* ff_ffpipenode.c */; };
		E5B6F9001EF819D6004ECDD4 /* ff_ffpipenode.h in Headers */ = {isa = PBXBuildFile; fileRef = E5B6F8DA1EF819D6004ECDD4 /* ff_ffpipenode.h */; };
		E5B6F9011EF819D6004ECDD4 /* ff_ffplay_debug.h in Headers */ = {isa = PBXBuildFile; fileRef = E5B6F8DB1EF819D6004ECDD4 /* ff_ffplay_debug.h */; };
		E5B6F9021EF819D6004ECDD4 /* ff_ffplay_def.h in Headers */ = {isa = PBXBuildFile; fileRef = E5B6F8DC1EF819D6004ECDD4 /* ff_ffplay_def.h */; };
		E5B6F9031EF819D6004ECDD4 /* ff_ffplay_options.h in Headers */ = {isa = PBXBuildFile; fileRef = E5B6F8DD1EF819D6004ECDD4 /* ff_ffplay_options.h */; };
		E5B6F9041EF819D6004ECDD4 /* ff_ffplay.c in Sources */ = {isa = PBXBuildFile; fileRef = E5B6F8DE1EF819D6004ECDD4 /* ff_ffplay.c */; };
		E5B6F9051EF819D6004ECDD4 /* ff_ffplay.h in Headers */ = {isa = PBXBuildFile; fileRef = E5B6F8DF1EF819D6004ECDD4 /* ff_ffplay.h */; };
		E5B6F9061EF819D6004ECDD4 /* allformats.c in Sources */ = {isa = PBXBuildFile; fileRef = E5B6F8E11EF819D6004ECDD4 /* allformats.c */; };
		E5B6F9071EF819D6004ECDD4 /* ijkasync.c in Sources */ = {isa = PBXBuildFile; fileRef = E5B6F8E21EF819D6004ECDD4 /* ijkasync.c */; };
		E5B6F9081EF819D6004ECDD4 /* ijkavformat.h in Headers */ = {isa = PBXBuildFile; fileRef = E5B6F8E31EF819D6004ECDD4 /* ijkavformat.h */; };
		E5B6F9091EF819D6004ECDD4 /* ijklivehook.c in Sources */ = {isa = PBXBuildFile; fileRef = E5B6F8E41EF819D6004ECDD4 /* ijklivehook.c */; };
		E5B6F90A1EF819D6004ECDD4 /* ijklongurl.c in Sources */ = {isa = PBXBuildFile; fileRef = E5B6F8E51EF819D6004ECDD4 /* ijklongurl.c */; };
		E5B6F90B1EF819D6004ECDD4 /* ijkmediadatasource.c in Sources */ = {isa = PBXBuildFile; fileRef = E5B6F8E61EF819D6004ECDD4 /* ijkmediadatasource.c */; };
		E5B6F90C1EF819D6004ECDD4 /* ijksegment.c in Sources */ = {isa = PBXBuildFile; fileRef = E5B6F8E71EF819D6004ECDD4 /* ijksegment.c */; };
		E5B6F90D1EF819D6004ECDD4 /* ijkurlhook.c in Sources */ = {isa = PBXBuildFile; fileRef = E5B6F8E81EF819D6004ECDD4 /* ijkurlhook.c */; };
		E5B6F90E1EF819D6004ECDD4 /* opt.h in Headers */ = {isa = PBXBuildFile; fileRef = E5B6F8EA1EF819D6004ECDD4 /* opt.h */; };
		E5B6F90F1EF819D6004ECDD4 /* ijkmeta.c in Sources */ = {isa = PBXBuildFile; fileRef = E5B6F8EB1EF819D6004ECDD4 /* ijkmeta.c */; };
		E5B6F9101EF819D6004ECDD4 /* ijkmeta.h in Headers */ = {isa = PBXBuildFile; fileRef = E5B6F8EC1EF819D6004ECDD4 /* ijkmeta.h */; };
		E5B6F9111EF819D6004ECDD4 /* ijkplayer_internal.h in Headers */ = {isa = PBXBuildFile; fileRef = E5B6F8ED1EF819D6004ECDD4 /* ijkplayer_internal.h */; };
		E5B6F9121EF819D6004ECDD4 /* ijkplayer.c in Sources */ = {isa = PBXBuildFile; fileRef = E5B6F8EE1EF819D6004ECDD4 /* ijkplayer.c */; };
		E5B6F9131EF819D6004ECDD4 /* ijkplayer.h in Headers */ = {isa = PBXBuildFile; fileRef = E5B6F8EF1EF819D6004ECDD4 /* ijkplayer.h */; };
		E5B6F9141EF819D6004ECDD4 /* ffpipeline_ffplay.c in Sources */ = {isa = PBXBuildFile; fileRef = E5B6F8F11EF819D6004ECDD4 /* ffpipeline_ffplay.c */; };
		E5B6F9151EF819D6004ECDD4 /* ffpipeline_ffplay.h in Headers */ = {isa = PBXBuildFile; fileRef = E5B6F8F21EF819D6004ECDD4 /* ffpipeline_ffplay.h */; };
		E5B6F9161EF819D6004ECDD4 /* ffpipenode_ffplay_vdec.c in Sources */ = {isa = PBXBuildFile; fileRef = E5B6F8F31EF819D6004ECDD4 /* ffpipenode_ffplay_vdec.c */; };
		E5B6F9171EF819D6004ECDD4 /* ffpipenode_ffplay_vdec.h in Headers */ = {isa = PBXBuildFile; fileRef = E5B6F8F41EF819D6004ECDD4 /* ffpipenode_ffplay_vdec.h */; };
		E5B6F9181EF819D6004ECDD4 /* version.h in Headers */ = {isa = PBXBuildFile; fileRef = E5B6F8F51EF819D6004ECDD4 /* version.h */; };
		E5B6F9541EF81A0F004ECDD4 /* ijksdl_dummy.h in Headers */ = {isa = PBXBuildFile; fileRef = E5B6F91A1EF81A0F004ECDD4 /* ijksdl_dummy.h */; };
		E5B6F9551EF81A0F004ECDD4 /* ijksdl_vout_dummy.c in Sources */ = {isa = PBXBuildFile; fileRef = E5B6F91B1EF81A0F004ECDD4 /* ijksdl_vout_dummy.c */; };
		E5B6F9561EF81A0F004ECDD4 /* ijksdl_vout_dummy.h in Headers */ = {isa = PBXBuildFile; fileRef = E5B6F91C1EF81A0F004ECDD4 /* ijksdl_vout_dummy.h */; };
		E5B6F9571EF81A0F004ECDD4 /* image_convert.c in Sources */ = {isa = PBXBuildFile; fileRef = E5B6F91F1EF81A0F004ECDD4 /* image_convert.c */; };
		E5B6F9581EF81A0F004ECDD4 /* ijksdl_image_convert.h in Headers */ = {isa = PBXBuildFile; fileRef = E5B6F9201EF81A0F004ECDD4 /* ijksdl_image_convert.h */; };
		E5B6F9591EF81A0F004ECDD4 /* ijksdl_inc_ffmpeg.h in Headers */ = {isa = PBXBuildFile; fileRef = E5B6F9211EF81A0F004ECDD4 /* ijksdl_inc_ffmpeg.h */; };
		E5B6F95A1EF81A0F004ECDD4 /* ijksdl_vout_overlay_ffmpeg.c in Sources */ = {isa = PBXBuildFile; fileRef = E5B6F9221EF81A0F004ECDD4 /* ijksdl_vout_overlay_ffmpeg.c */; };
		E5B6F95B1EF81A0F004ECDD4 /* ijksdl_vout_overlay_ffmpeg.h in Headers */ = {isa = PBXBuildFile; fileRef = E5B6F9231EF81A0F004ECDD4 /* ijksdl_vout_overlay_ffmpeg.h */; };
		E5B6F96B1EF81A0F004ECDD4 /* ijksdl_aout_internal.h in Headers */ = {isa = PBXBuildFile; fileRef = E5B6F9361EF81A0F004ECDD4 /* ijksdl_aout_internal.h */; };
		E5B6F96C1EF81A0F004ECDD4 /* ijksdl_aout.c in Sources */ = {isa = PBXBuildFile; fileRef = E5B6F9371EF81A0F004ECDD4 /* ijksdl_aout.c */; };
		E5B6F96D1EF81A0F004ECDD4 /* ijksdl_aout.h in Headers */ = {isa = PBXBuildFile; fileRef = E5B6F9381EF81A0F004ECDD4 /* ijksdl_aout.h */; };
		E5B6F96E1EF81A0F004ECDD4 /* ijksdl_audio.c in Sources */ = {isa = PBXBuildFile; fileRef = E5B6F9391EF81A0F004ECDD4 /* ijksdl_audio.c */; };
		E5B6F96F1EF81A0F004ECDD4 /* ijksdl_audio.h in Headers */ = {isa = PBXBuildFile; fileRef = E5B6F93A1EF81A0F004ECDD4 /* ijksdl_audio.h */; };
		E5B6F9701EF81A0F004ECDD4 /* ijksdl_class.h in Headers */ = {isa = PBXBuildFile; fileRef = E5B6F93B1EF81A0F004ECDD4 /* ijksdl_class.h */; };
		E5B6F9711EF81A0F004ECDD4 /* ijksdl_container.h in Headers */ = {isa = PBXBuildFile; fileRef = E5B6F93C1EF81A0F004ECDD4 /* ijksdl_container.h */; };
		E5B6F9721EF81A0F004ECDD4 /* ijksdl_egl.c in Sources */ = {isa = PBXBuildFile; fileRef = E5B6F93D1EF81A0F004ECDD4 /* ijksdl_egl.c */; };
		E5B6F9731EF81A0F004ECDD4 /* ijksdl_egl.h in Headers */ = {isa = PBXBuildFile; fileRef = E5B6F93E1EF81A0F004ECDD4 /* ijksdl_egl.h */; };
		E5B6F9741EF81A0F004ECDD4 /* ijksdl_endian.h in Headers */ = {isa = PBXBuildFile; fileRef = E5B6F93F1EF81A0F004ECDD4 /* ijksdl_endian.h */; };
		E5B6F9751EF81A0F004ECDD4 /* ijksdl_error.c in Sources */ = {isa = PBXBuildFile; fileRef = E5B6F9401EF81A0F004ECDD4 /* ijksdl_error.c */; };
		E5B6F9761EF81A0F004ECDD4 /* ijksdl_error.h in Headers */ = {isa = PBXBuildFile; fileRef = E5B6F9411EF81A0F004ECDD4 /* ijksdl_error.h */; };
		E5B6F9771EF81A0F004ECDD4 /* ijksdl_fourcc.h in Headers */ = {isa = PBXBuildFile; fileRef = E5B6F9421EF81A0F004ECDD4 /* ijksdl_fourcc.h */; };
		E5B6F9781EF81A0F004ECDD4 /* ijksdl_gles2.h in Headers */ = {isa = PBXBuildFile; fileRef = E5B6F9431EF81A0F004ECDD4 /* ijksdl_gles2.h */; };
		E5B6F9791EF81A0F004ECDD4 /* ijksdl_inc_internal.h in Headers */ = {isa = PBXBuildFile; fileRef = E5B6F9441EF81A0F004ECDD4 /* ijksdl_inc_internal.h */; };
		E5B6F97A1EF81A0F004ECDD4 /* ijksdl_log.h in Headers */ = {isa = PBXBuildFile; fileRef = E5B6F9451EF81A0F004ECDD4 /* ijksdl_log.h */; };
		E5B6F97B1EF81A0F004ECDD4 /* ijksdl_misc.h in Headers */ = {isa = PBXBuildFile; fileRef = E5B6F9461EF81A0F004ECDD4 /* ijksdl_misc.h */; };
		E5B6F97C1EF81A0F004ECDD4 /* ijksdl_mutex.c in Sources */ = {isa = PBXBuildFile; fileRef = E5B6F9471EF81A0F004ECDD4 /* ijksdl_mutex.c */; };
		E5B6F97D1EF81A0F004ECDD4 /* ijksdl_mutex.h in Headers */ = {isa = PBXBuildFile; fileRef = E5B6F9481EF81A0F004ECDD4 /* ijksdl_mutex.h */; };
		E5B6F97E1EF81A0F004ECDD4 /* ijksdl_stdinc.c in Sources */ = {isa = PBXBuildFile; fileRef = E5B6F9491EF81A0F004ECDD4 /* ijksdl_stdinc.c */; };
		E5B6F97F1EF81A0F004ECDD4 /* ijksdl_stdinc.h in Headers */ = {isa = PBXBuildFile; fileRef = E5B6F94A1EF81A0F004ECDD4 /* ijksdl_stdinc.h */; };
		E5B6F9801EF81A0F004ECDD4 /* ijksdl_thread.c in Sources */ = {isa = PBXBuildFile; fileRef = E5B6F94B1EF81A0F004ECDD4 /* ijksdl_thread.c */; };
		E5B6F9811EF81A0F004ECDD4 /* ijksdl_thread.h in Headers */ = {isa = PBXBuildFile; fileRef = E5B6F94C1EF81A0F004ECDD4 /* ijksdl_thread.h */; };
		E5B6F9821EF81A0F004ECDD4 /* ijksdl_timer.c in Sources */ = {isa = PBXBuildFile; fileRef = E5B6F94D1EF81A0F004ECDD4 /* ijksdl_timer.c */; };
		E5B6F9831EF81A0F004ECDD4 /* ijksdl_timer.h in Headers */ = {isa = PBXBuildFile; fileRef = E5B6F94E1EF81A0F004ECDD4 /* ijksdl_timer.h */; };
		E5B6F9841EF81A0F004ECDD4 /* ijksdl_video.h in Headers */ = {isa = PBXBuildFile; fileRef = E5B6F94F1EF81A0F004ECDD4 /* ijksdl_video.h */; };
		E5B6F9851EF81A0F004ECDD4 /* ijksdl_vout_internal.h in Headers */ = {isa = PBXBuildFile; fileRef = E5B6F9501EF81A0F004ECDD4 /* ijksdl_vout_internal.h */; };
		E5B6F9861EF81A0F004ECDD4 /* ijksdl_vout.c in Sources */ = {isa = PBXBuildFile; fileRef = E5B6F9511EF81A0F004ECDD4 /* ijksdl_vout.c */; };
		E5B6F9871EF81A0F004ECDD4 /* ijksdl_vout.h in Headers */ = {isa = PBXBuildFile; fileRef = E5B6F9521EF81A0F004ECDD4 /* ijksdl_vout.h */; };
		E5B6F9881EF81A0F004ECDD4 /* ijksdl.h in Headers */ = {isa = PBXBuildFile; fileRef = E5B6F9531EF81A0F004ECDD4 /* ijksdl.h */; };
/* End PBXBuildFile section */

/* Begin PBXContainerItemProxy section */
		E5580ADC1EEC0C87001BEA47 /* PBXContainerItemProxy */ = {
			isa = PBXContainerItemProxy;
			containerPortal = E5580AC81EEC0C87001BEA47 /* Project object */;
			proxyType = 1;
			remoteGlobalIDString = E5580AD01EEC0C87001BEA47;
			remoteInfo = IJKMediaPlayer;
		};
/* End PBXContainerItemProxy section */

/* Begin PBXFileReference section */
		E51F3D691EF2753F00B1B201 /* ijkversion.h */ = {isa = PBXFileReference; fileEncoding = 4; lastKnownFileType = sourcecode.c.h; name = ijkversion.h; path = IJKMediaPlayer/ijkversion.h; sourceTree = "<group>"; };
		E5580AD11EEC0C87001BEA47 /* IJKMediaPlayer.framework */ = {isa = PBXFileReference; explicitFileType = wrapper.framework; includeInIndex = 0; path = IJKMediaPlayer.framework; sourceTree = BUILT_PRODUCTS_DIR; };
		E5580AD51EEC0C87001BEA47 /* Info.plist */ = {isa = PBXFileReference; lastKnownFileType = text.plist.xml; path = Info.plist; sourceTree = "<group>"; };
		E5580ADA1EEC0C87001BEA47 /* IJKMediaPlayerTests.xctest */ = {isa = PBXFileReference; explicitFileType = wrapper.cfbundle; includeInIndex = 0; path = IJKMediaPlayerTests.xctest; sourceTree = BUILT_PRODUCTS_DIR; };
		E5580ADF1EEC0C87001BEA47 /* IJKMediaPlayerTests.m */ = {isa = PBXFileReference; lastKnownFileType = sourcecode.c.objc; path = IJKMediaPlayerTests.m; sourceTree = "<group>"; };
		E5580AE11EEC0C87001BEA47 /* Info.plist */ = {isa = PBXFileReference; lastKnownFileType = text.plist.xml; path = Info.plist; sourceTree = "<group>"; };
		E55AD5E01F7258750041C09A /* ijk_ffplay_decoder.h */ = {isa = PBXFileReference; fileEncoding = 4; lastKnownFileType = sourcecode.c.h; name = ijk_ffplay_decoder.h; path = IJKMediaPlayer/ijk_ffplay_decoder.h; sourceTree = "<group>"; };
		E55AD5E11F7258750041C09A /* ijk_ffplay_decoder.mm */ = {isa = PBXFileReference; fileEncoding = 4; lastKnownFileType = sourcecode.cpp.objcpp; name = ijk_ffplay_decoder.mm; path = IJKMediaPlayer/ijk_ffplay_decoder.mm; sourceTree = "<group>"; };
		E55AD5E21F7258750041C09A /* ijk_frame.h */ = {isa = PBXFileReference; fileEncoding = 4; lastKnownFileType = sourcecode.c.h; name = ijk_frame.h; path = IJKMediaPlayer/ijk_frame.h; sourceTree = "<group>"; };
		E55AD5E31F7258750041C09A /* ijk_metadata.h */ = {isa = PBXFileReference; fileEncoding = 4; lastKnownFileType = sourcecode.c.h; name = ijk_metadata.h; path = IJKMediaPlayer/ijk_metadata.h; sourceTree = "<group>"; };
		E55AD5EB1F726DDA0041C09A /* IJKFFMoviePlayerController.h */ = {isa = PBXFileReference; fileEncoding = 4; lastKnownFileType = sourcecode.c.h; name = IJKFFMoviePlayerController.h; path = IJKMediaPlayer/IJKFFMoviePlayerController.h; sourceTree = "<group>"; };
		E55AD5EC1F726DDA0041C09A /* IJKFFMoviePlayerController.m */ = {isa = PBXFileReference; fileEncoding = 4; lastKnownFileType = sourcecode.c.objc; name = IJKFFMoviePlayerController.m; path = IJKMediaPlayer/IJKFFMoviePlayerController.m; sourceTree = "<group>"; };
		E5B6F8141EF811EC004ECDD4 /* IJKAudioKit.h */ = {isa = PBXFileReference; fileEncoding = 4; lastKnownFileType = sourcecode.c.h; path = IJKAudioKit.h; sourceTree = "<group>"; };
		E5B6F8151EF811EC004ECDD4 /* IJKAudioKit.m */ = {isa = PBXFileReference; fileEncoding = 4; lastKnownFileType = sourcecode.c.objc; path = IJKAudioKit.m; sourceTree = "<group>"; };
		E5B6F8161EF811EC004ECDD4 /* IJKDeviceModel.h */ = {isa = PBXFileReference; fileEncoding = 4; lastKnownFileType = sourcecode.c.h; path = IJKDeviceModel.h; sourceTree = "<group>"; };
		E5B6F8171EF811EC004ECDD4 /* IJKDeviceModel.m */ = {isa = PBXFileReference; fileEncoding = 4; lastKnownFileType = sourcecode.c.objc; path = IJKDeviceModel.m; sourceTree = "<group>"; };
		E5B6F8181EF811EC004ECDD4 /* IJKKVOController.h */ = {isa = PBXFileReference; fileEncoding = 4; lastKnownFileType = sourcecode.c.h; path = IJKKVOController.h; sourceTree = "<group>"; };
		E5B6F8191EF811EC004ECDD4 /* IJKKVOController.m */ = {isa = PBXFileReference; fileEncoding = 4; lastKnownFileType = sourcecode.c.objc; path = IJKKVOController.m; sourceTree = "<group>"; };
		E5B6F81A1EF811EC004ECDD4 /* IJKMediaModule.h */ = {isa = PBXFileReference; fileEncoding = 4; lastKnownFileType = sourcecode.c.h; path = IJKMediaModule.h; sourceTree = "<group>"; };
		E5B6F81B1EF811EC004ECDD4 /* IJKMediaModule.m */ = {isa = PBXFileReference; fileEncoding = 4; lastKnownFileType = sourcecode.c.objc; path = IJKMediaModule.m; sourceTree = "<group>"; };
		E5B6F81C1EF811EC004ECDD4 /* IJKMediaPlayback.h */ = {isa = PBXFileReference; fileEncoding = 4; lastKnownFileType = sourcecode.c.h; path = IJKMediaPlayback.h; sourceTree = "<group>"; };
		E5B6F81D1EF811EC004ECDD4 /* IJKMediaPlayback.m */ = {isa = PBXFileReference; fileEncoding = 4; lastKnownFileType = sourcecode.c.objc; path = IJKMediaPlayback.m; sourceTree = "<group>"; };
		E5B6F81E1EF811EC004ECDD4 /* IJKMediaPlayer.h */ = {isa = PBXFileReference; fileEncoding = 4; lastKnownFileType = sourcecode.c.h; path = IJKMediaPlayer.h; sourceTree = "<group>"; };
		E5B6F81F1EF811EC004ECDD4 /* IJKMediaUtils.h */ = {isa = PBXFileReference; fileEncoding = 4; lastKnownFileType = sourcecode.c.h; path = IJKMediaUtils.h; sourceTree = "<group>"; };
		E5B6F8201EF811ED004ECDD4 /* IJKMediaUtils.m */ = {isa = PBXFileReference; fileEncoding = 4; lastKnownFileType = sourcecode.c.objc; path = IJKMediaUtils.m; sourceTree = "<group>"; };
		E5B6F8211EF811ED004ECDD4 /* IJKNotificationManager.h */ = {isa = PBXFileReference; fileEncoding = 4; lastKnownFileType = sourcecode.c.h; path = IJKNotificationManager.h; sourceTree = "<group>"; };
		E5B6F8221EF811ED004ECDD4 /* IJKNotificationManager.m */ = {isa = PBXFileReference; fileEncoding = 4; lastKnownFileType = sourcecode.c.objc; path = IJKNotificationManager.m; sourceTree = "<group>"; };
		E5B6F8231EF811ED004ECDD4 /* NSString+IJKMedia.h */ = {isa = PBXFileReference; fileEncoding = 4; lastKnownFileType = sourcecode.c.h; path = "NSString+IJKMedia.h"; sourceTree = "<group>"; };
		E5B6F8241EF811ED004ECDD4 /* NSString+IJKMedia.m */ = {isa = PBXFileReference; fileEncoding = 4; lastKnownFileType = sourcecode.c.objc; path = "NSString+IJKMedia.m"; sourceTree = "<group>"; };
		E5B6F84B1EF8195A004ECDD4 /* IJKFFMonitor.h */ = {isa = PBXFileReference; fileEncoding = 4; lastKnownFileType = sourcecode.c.h; name = IJKFFMonitor.h; path = IJKMediaPlayer/IJKFFMonitor.h; sourceTree = "<group>"; };
		E5B6F84C1EF8195A004ECDD4 /* IJKFFMonitor.m */ = {isa = PBXFileReference; fileEncoding = 4; lastKnownFileType = sourcecode.c.objc; name = IJKFFMonitor.m; path = IJKMediaPlayer/IJKFFMonitor.m; sourceTree = "<group>"; };
		E5B6F84F1EF8195A004ECDD4 /* IJKFFMoviePlayerDef.h */ = {isa = PBXFileReference; fileEncoding = 4; lastKnownFileType = sourcecode.c.h; name = IJKFFMoviePlayerDef.h; path = IJKMediaPlayer/IJKFFMoviePlayerDef.h; sourceTree = "<group>"; };
		E5B6F8501EF8195A004ECDD4 /* IJKFFMoviePlayerDef.m */ = {isa = PBXFileReference; fileEncoding = 4; lastKnownFileType = sourcecode.c.objc; name = IJKFFMoviePlayerDef.m; path = IJKMediaPlayer/IJKFFMoviePlayerDef.m; sourceTree = "<group>"; };
		E5B6F8511EF8195A004ECDD4 /* IJKFFOptions.h */ = {isa = PBXFileReference; fileEncoding = 4; lastKnownFileType = sourcecode.c.h; name = IJKFFOptions.h; path = IJKMediaPlayer/IJKFFOptions.h; sourceTree = "<group>"; };
		E5B6F8521EF8195A004ECDD4 /* IJKFFOptions.m */ = {isa = PBXFileReference; fileEncoding = 4; lastKnownFileType = sourcecode.c.objc; name = IJKFFOptions.m; path = IJKMediaPlayer/IJKFFOptions.m; sourceTree = "<group>"; };
		E5B6F8561EF8195A004ECDD4 /* ijkplayer_ios.h */ = {isa = PBXFileReference; fileEncoding = 4; lastKnownFileType = sourcecode.c.h; path = ijkplayer_ios.h; sourceTree = "<group>"; };
		E5B6F8571EF8195A004ECDD4 /* ijkplayer_ios.m */ = {isa = PBXFileReference; fileEncoding = 4; lastKnownFileType = sourcecode.c.objc; path = ijkplayer_ios.m; sourceTree = "<group>"; };
		E5B6F8591EF8195A004ECDD4 /* avqueue.c */ = {isa = PBXFileReference; fileEncoding = 4; lastKnownFileType = sourcecode.c.c; path = avqueue.c; sourceTree = "<group>"; };
		E5B6F85A1EF8195A004ECDD4 /* avqueue.h */ = {isa = PBXFileReference; fileEncoding = 4; lastKnownFileType = sourcecode.c.h; path = avqueue.h; sourceTree = "<group>"; };
		E5B6F85B1EF8195A004ECDD4 /* bufchan.c */ = {isa = PBXFileReference; fileEncoding = 4; lastKnownFileType = sourcecode.c.c; path = bufchan.c; sourceTree = "<group>"; };
		E5B6F85C1EF8195A004ECDD4 /* bufchan.h */ = {isa = PBXFileReference; fileEncoding = 4; lastKnownFileType = sourcecode.c.h; path = bufchan.h; sourceTree = "<group>"; };
		E5B6F85D1EF8195A004ECDD4 /* decode.c */ = {isa = PBXFileReference; fileEncoding = 4; lastKnownFileType = sourcecode.c.c; path = decode.c; sourceTree = "<group>"; };
		E5B6F85E1EF8195A004ECDD4 /* decode.h */ = {isa = PBXFileReference; fileEncoding = 4; lastKnownFileType = sourcecode.c.h; path = decode.h; sourceTree = "<group>"; };
		E5B6F85F1EF8195A004ECDD4 /* fifo.c */ = {isa = PBXFileReference; fileEncoding = 4; lastKnownFileType = sourcecode.c.c; path = fifo.c; sourceTree = "<group>"; };
		E5B6F8601EF8195A004ECDD4 /* fifo.h */ = {isa = PBXFileReference; fileEncoding = 4; lastKnownFileType = sourcecode.c.h; path = fifo.h; sourceTree = "<group>"; };
		E5B6F8611EF8195A004ECDD4 /* frame.h */ = {isa = PBXFileReference; fileEncoding = 4; lastKnownFileType = sourcecode.c.h; path = frame.h; sourceTree = "<group>"; };
		E5B6F8621EF8195A004ECDD4 /* netio.c */ = {isa = PBXFileReference; fileEncoding = 4; lastKnownFileType = sourcecode.c.c; path = netio.c; sourceTree = "<group>"; };
		E5B6F8631EF8195A004ECDD4 /* netio.h */ = {isa = PBXFileReference; fileEncoding = 4; lastKnownFileType = sourcecode.c.h; path = netio.h; sourceTree = "<group>"; };
		E5B6F8641EF8195A004ECDD4 /* queue.c */ = {isa = PBXFileReference; fileEncoding = 4; lastKnownFileType = sourcecode.c.c; path = queue.c; sourceTree = "<group>"; };
		E5B6F8651EF8195A004ECDD4 /* queue.h */ = {isa = PBXFileReference; fileEncoding = 4; lastKnownFileType = sourcecode.c.h; path = queue.h; sourceTree = "<group>"; };
		E5B6F8661EF8195A004ECDD4 /* rtspdec.c */ = {isa = PBXFileReference; fileEncoding = 4; lastKnownFileType = sourcecode.c.c; path = rtspdec.c; sourceTree = "<group>"; };
		E5B6F8671EF8195A004ECDD4 /* rtspdec.h */ = {isa = PBXFileReference; fileEncoding = 4; lastKnownFileType = sourcecode.c.h; path = rtspdec.h; sourceTree = "<group>"; };
		E5B6F8681EF8195A004ECDD4 /* rtspsink.c */ = {isa = PBXFileReference; fileEncoding = 4; lastKnownFileType = sourcecode.c.c; path = rtspsink.c; sourceTree = "<group>"; };
		E5B6F8691EF8195A004ECDD4 /* rtspsink.h */ = {isa = PBXFileReference; fileEncoding = 4; lastKnownFileType = sourcecode.c.h; path = rtspsink.h; sourceTree = "<group>"; };
		E5B6F86A1EF8195A004ECDD4 /* tcpsink.c */ = {isa = PBXFileReference; fileEncoding = 4; lastKnownFileType = sourcecode.c.c; path = tcpsink.c; sourceTree = "<group>"; };
		E5B6F86B1EF8195A004ECDD4 /* tcpsink.h */ = {isa = PBXFileReference; fileEncoding = 4; lastKnownFileType = sourcecode.c.h; path = tcpsink.h; sourceTree = "<group>"; };
		E5B6F86C1EF8195A004ECDD4 /* url.c */ = {isa = PBXFileReference; fileEncoding = 4; lastKnownFileType = sourcecode.c.c; path = url.c; sourceTree = "<group>"; };
		E5B6F86D1EF8195A004ECDD4 /* url.h */ = {isa = PBXFileReference; fileEncoding = 4; lastKnownFileType = sourcecode.c.h; path = url.h; sourceTree = "<group>"; };
		E5B6F86E1EF8195A004ECDD4 /* viddec.c */ = {isa = PBXFileReference; fileEncoding = 4; lastKnownFileType = sourcecode.c.c; path = viddec.c; sourceTree = "<group>"; };
		E5B6F86F1EF8195A004ECDD4 /* viddec.h */ = {isa = PBXFileReference; fileEncoding = 4; lastKnownFileType = sourcecode.c.h; path = viddec.h; sourceTree = "<group>"; };
		E5B6F8701EF8195A004ECDD4 /* videosink.c */ = {isa = PBXFileReference; fileEncoding = 4; lastKnownFileType = sourcecode.c.c; path = videosink.c; sourceTree = "<group>"; };
		E5B6F8711EF8195A004ECDD4 /* videosink.h */ = {isa = PBXFileReference; fileEncoding = 4; lastKnownFileType = sourcecode.c.h; path = videosink.h; sourceTree = "<group>"; };
		E5B6F8731EF8195A004ECDD4 /* ffpipeline_ios.c */ = {isa = PBXFileReference; fileEncoding = 4; lastKnownFileType = sourcecode.c.c; path = ffpipeline_ios.c; sourceTree = "<group>"; };
		E5B6F8741EF8195A004ECDD4 /* ffpipeline_ios.h */ = {isa = PBXFileReference; fileEncoding = 4; lastKnownFileType = sourcecode.c.h; path = ffpipeline_ios.h; sourceTree = "<group>"; };
		E5B6F8751EF8195A004ECDD4 /* ffpipenode_ios_videotoolbox_vdec.h */ = {isa = PBXFileReference; fileEncoding = 4; lastKnownFileType = sourcecode.c.h; path = ffpipenode_ios_videotoolbox_vdec.h; sourceTree = "<group>"; };
		E5B6F8761EF8195A004ECDD4 /* ffpipenode_ios_videotoolbox_vdec.m */ = {isa = PBXFileReference; fileEncoding = 4; lastKnownFileType = sourcecode.c.objc; path = ffpipenode_ios_videotoolbox_vdec.m; sourceTree = "<group>"; };
		E5B6F8771EF8195A004ECDD4 /* h264_sps_parser.h */ = {isa = PBXFileReference; fileEncoding = 4; lastKnownFileType = sourcecode.c.h; path = h264_sps_parser.h; sourceTree = "<group>"; };
		E5B6F8781EF8195A004ECDD4 /* IJKVideoToolBox.h */ = {isa = PBXFileReference; fileEncoding = 4; lastKnownFileType = sourcecode.c.h; path = IJKVideoToolBox.h; sourceTree = "<group>"; };
		E5B6F8791EF8195A004ECDD4 /* IJKVideoToolBox.m */ = {isa = PBXFileReference; fileEncoding = 4; lastKnownFileType = sourcecode.c.objc; path = IJKVideoToolBox.m; sourceTree = "<group>"; };
		E5B6F87C1EF8195A004ECDD4 /* ijksdl_aout_ios_audiounit.h */ = {isa = PBXFileReference; fileEncoding = 4; lastKnownFileType = sourcecode.c.h; path = ijksdl_aout_ios_audiounit.h; sourceTree = "<group>"; };
		E5B6F87D1EF8195A004ECDD4 /* ijksdl_aout_ios_audiounit.m */ = {isa = PBXFileReference; fileEncoding = 4; lastKnownFileType = sourcecode.c.objc; path = ijksdl_aout_ios_audiounit.m; sourceTree = "<group>"; };
		E5B6F87E1EF8195A004ECDD4 /* ijksdl_ios.h */ = {isa = PBXFileReference; fileEncoding = 4; lastKnownFileType = sourcecode.c.h; path = ijksdl_ios.h; sourceTree = "<group>"; };
		E5B6F87F1EF8195A004ECDD4 /* ijksdl_thread_ios.h */ = {isa = PBXFileReference; fileEncoding = 4; lastKnownFileType = sourcecode.c.h; path = ijksdl_thread_ios.h; sourceTree = "<group>"; };
		E5B6F8801EF8195A004ECDD4 /* ijksdl_thread_ios.m */ = {isa = PBXFileReference; fileEncoding = 4; lastKnownFileType = sourcecode.c.objc; path = ijksdl_thread_ios.m; sourceTree = "<group>"; };
		E5B6F8811EF8195A004ECDD4 /* ijksdl_vout_ios_gles2.h */ = {isa = PBXFileReference; fileEncoding = 4; lastKnownFileType = sourcecode.c.h; path = ijksdl_vout_ios_gles2.h; sourceTree = "<group>"; };
		E5B6F8821EF8195A004ECDD4 /* ijksdl_vout_ios_gles2.m */ = {isa = PBXFileReference; fileEncoding = 4; lastKnownFileType = sourcecode.c.objc; path = ijksdl_vout_ios_gles2.m; sourceTree = "<group>"; };
		E5B6F8831EF8195A004ECDD4 /* ijksdl_vout_overlay_videotoolbox.h */ = {isa = PBXFileReference; fileEncoding = 4; lastKnownFileType = sourcecode.c.h; path = ijksdl_vout_overlay_videotoolbox.h; sourceTree = "<group>"; };
		E5B6F8841EF8195A004ECDD4 /* ijksdl_vout_overlay_videotoolbox.m */ = {isa = PBXFileReference; fileEncoding = 4; lastKnownFileType = sourcecode.c.objc; path = ijksdl_vout_overlay_videotoolbox.m; sourceTree = "<group>"; };
		E5B6F8851EF8195A004ECDD4 /* IJKSDLAudioKit.h */ = {isa = PBXFileReference; fileEncoding = 4; lastKnownFileType = sourcecode.c.h; path = IJKSDLAudioKit.h; sourceTree = "<group>"; };
		E5B6F8861EF8195A004ECDD4 /* IJKSDLAudioKit.m */ = {isa = PBXFileReference; fileEncoding = 4; lastKnownFileType = sourcecode.c.objc; path = IJKSDLAudioKit.m; sourceTree = "<group>"; };
		E5B6F8871EF8195A004ECDD4 /* IJKSDLAudioQueueController.h */ = {isa = PBXFileReference; fileEncoding = 4; lastKnownFileType = sourcecode.c.h; path = IJKSDLAudioQueueController.h; sourceTree = "<group>"; };
		E5B6F8881EF8195A004ECDD4 /* IJKSDLAudioQueueController.m */ = {isa = PBXFileReference; fileEncoding = 4; lastKnownFileType = sourcecode.c.objc; path = IJKSDLAudioQueueController.m; sourceTree = "<group>"; };
		E5B6F8891EF8195A004ECDD4 /* IJKSDLAudioUnitController.h */ = {isa = PBXFileReference; fileEncoding = 4; lastKnownFileType = sourcecode.c.h; path = IJKSDLAudioUnitController.h; sourceTree = "<group>"; };
		E5B6F88A1EF8195A004ECDD4 /* IJKSDLAudioUnitController.m */ = {isa = PBXFileReference; fileEncoding = 4; lastKnownFileType = sourcecode.c.objc; path = IJKSDLAudioUnitController.m; sourceTree = "<group>"; };
		E5B6F8D01EF819D6004ECDD4 /* config.h */ = {isa = PBXFileReference; fileEncoding = 4; lastKnownFileType = sourcecode.c.h; name = config.h; path = ../../../../../ijkmedia/ijkplayer/config.h; sourceTree = "<group>"; };
		E5B6F8D11EF819D6004ECDD4 /* ff_cmdutils.c */ = {isa = PBXFileReference; fileEncoding = 4; lastKnownFileType = sourcecode.c.c; name = ff_cmdutils.c; path = ../../../../../ijkmedia/ijkplayer/ff_cmdutils.c; sourceTree = "<group>"; };
		E5B6F8D21EF819D6004ECDD4 /* ff_cmdutils.h */ = {isa = PBXFileReference; fileEncoding = 4; lastKnownFileType = sourcecode.c.h; name = ff_cmdutils.h; path = ../../../../../ijkmedia/ijkplayer/ff_cmdutils.h; sourceTree = "<group>"; };
		E5B6F8D31EF819D6004ECDD4 /* ff_fferror.h */ = {isa = PBXFileReference; fileEncoding = 4; lastKnownFileType = sourcecode.c.h; name = ff_fferror.h; path = ../../../../../ijkmedia/ijkplayer/ff_fferror.h; sourceTree = "<group>"; };
		E5B6F8D41EF819D6004ECDD4 /* ff_ffinc.h */ = {isa = PBXFileReference; fileEncoding = 4; lastKnownFileType = sourcecode.c.h; name = ff_ffinc.h; path = ../../../../../ijkmedia/ijkplayer/ff_ffinc.h; sourceTree = "<group>"; };
		E5B6F8D51EF819D6004ECDD4 /* ff_ffmsg_queue.h */ = {isa = PBXFileReference; fileEncoding = 4; lastKnownFileType = sourcecode.c.h; name = ff_ffmsg_queue.h; path = ../../../../../ijkmedia/ijkplayer/ff_ffmsg_queue.h; sourceTree = "<group>"; };
		E5B6F8D61EF819D6004ECDD4 /* ff_ffmsg.h */ = {isa = PBXFileReference; fileEncoding = 4; lastKnownFileType = sourcecode.c.h; name = ff_ffmsg.h; path = ../../../../../ijkmedia/ijkplayer/ff_ffmsg.h; sourceTree = "<group>"; };
		E5B6F8D71EF819D6004ECDD4 /* ff_ffpipeline.c */ = {isa = PBXFileReference; fileEncoding = 4; lastKnownFileType = sourcecode.c.c; name = ff_ffpipeline.c; path = ../../../../../ijkmedia/ijkplayer/ff_ffpipeline.c; sourceTree = "<group>"; };
		E5B6F8D81EF819D6004ECDD4 /* ff_ffpipeline.h */ = {isa = PBXFileReference; fileEncoding = 4; lastKnownFileType = sourcecode.c.h; name = ff_ffpipeline.h; path = ../../../../../ijkmedia/ijkplayer/ff_ffpipeline.h; sourceTree = "<group>"; };
		E5B6F8D91EF819D6004ECDD4 /* ff_ffpipenode.c */ = {isa = PBXFileReference; fileEncoding = 4; lastKnownFileType = sourcecode.c.c; name = ff_ffpipenode.c; path = ../../../../../ijkmedia/ijkplayer/ff_ffpipenode.c; sourceTree = "<group>"; };
		E5B6F8DA1EF819D6004ECDD4 /* ff_ffpipenode.h */ = {isa = PBXFileReference; fileEncoding = 4; lastKnownFileType = sourcecode.c.h; name = ff_ffpipenode.h; path = ../../../../../ijkmedia/ijkplayer/ff_ffpipenode.h; sourceTree = "<group>"; };
		E5B6F8DB1EF819D6004ECDD4 /* ff_ffplay_debug.h */ = {isa = PBXFileReference; fileEncoding = 4; lastKnownFileType = sourcecode.c.h; name = ff_ffplay_debug.h; path = ../../../../../ijkmedia/ijkplayer/ff_ffplay_debug.h; sourceTree = "<group>"; };
		E5B6F8DC1EF819D6004ECDD4 /* ff_ffplay_def.h */ = {isa = PBXFileReference; fileEncoding = 4; lastKnownFileType = sourcecode.c.h; name = ff_ffplay_def.h; path = ../../../../../ijkmedia/ijkplayer/ff_ffplay_def.h; sourceTree = "<group>"; };
		E5B6F8DD1EF819D6004ECDD4 /* ff_ffplay_options.h */ = {isa = PBXFileReference; fileEncoding = 4; lastKnownFileType = sourcecode.c.h; name = ff_ffplay_options.h; path = ../../../../../ijkmedia/ijkplayer/ff_ffplay_options.h; sourceTree = "<group>"; };
		E5B6F8DE1EF819D6004ECDD4 /* ff_ffplay.c */ = {isa = PBXFileReference; fileEncoding = 4; lastKnownFileType = sourcecode.c.c; name = ff_ffplay.c; path = ../../../../../ijkmedia/ijkplayer/ff_ffplay.c; sourceTree = "<group>"; };
		E5B6F8DF1EF819D6004ECDD4 /* ff_ffplay.h */ = {isa = PBXFileReference; fileEncoding = 4; lastKnownFileType = sourcecode.c.h; name = ff_ffplay.h; path = ../../../../../ijkmedia/ijkplayer/ff_ffplay.h; sourceTree = "<group>"; };
		E5B6F8E11EF819D6004ECDD4 /* allformats.c */ = {isa = PBXFileReference; fileEncoding = 4; lastKnownFileType = sourcecode.c.c; path = allformats.c; sourceTree = "<group>"; };
		E5B6F8E21EF819D6004ECDD4 /* ijkasync.c */ = {isa = PBXFileReference; fileEncoding = 4; lastKnownFileType = sourcecode.c.c; path = ijkasync.c; sourceTree = "<group>"; };
		E5B6F8E31EF819D6004ECDD4 /* ijkavformat.h */ = {isa = PBXFileReference; fileEncoding = 4; lastKnownFileType = sourcecode.c.h; path = ijkavformat.h; sourceTree = "<group>"; };
		E5B6F8E41EF819D6004ECDD4 /* ijklivehook.c */ = {isa = PBXFileReference; fileEncoding = 4; lastKnownFileType = sourcecode.c.c; path = ijklivehook.c; sourceTree = "<group>"; };
		E5B6F8E51EF819D6004ECDD4 /* ijklongurl.c */ = {isa = PBXFileReference; fileEncoding = 4; lastKnownFileType = sourcecode.c.c; path = ijklongurl.c; sourceTree = "<group>"; };
		E5B6F8E61EF819D6004ECDD4 /* ijkmediadatasource.c */ = {isa = PBXFileReference; fileEncoding = 4; lastKnownFileType = sourcecode.c.c; path = ijkmediadatasource.c; sourceTree = "<group>"; };
		E5B6F8E71EF819D6004ECDD4 /* ijksegment.c */ = {isa = PBXFileReference; fileEncoding = 4; lastKnownFileType = sourcecode.c.c; path = ijksegment.c; sourceTree = "<group>"; };
		E5B6F8E81EF819D6004ECDD4 /* ijkurlhook.c */ = {isa = PBXFileReference; fileEncoding = 4; lastKnownFileType = sourcecode.c.c; path = ijkurlhook.c; sourceTree = "<group>"; };
		E5B6F8EA1EF819D6004ECDD4 /* opt.h */ = {isa = PBXFileReference; fileEncoding = 4; lastKnownFileType = sourcecode.c.h; path = opt.h; sourceTree = "<group>"; };
		E5B6F8EB1EF819D6004ECDD4 /* ijkmeta.c */ = {isa = PBXFileReference; fileEncoding = 4; lastKnownFileType = sourcecode.c.c; name = ijkmeta.c; path = ../../../../../ijkmedia/ijkplayer/ijkmeta.c; sourceTree = "<group>"; };
		E5B6F8EC1EF819D6004ECDD4 /* ijkmeta.h */ = {isa = PBXFileReference; fileEncoding = 4; lastKnownFileType = sourcecode.c.h; name = ijkmeta.h; path = ../../../../../ijkmedia/ijkplayer/ijkmeta.h; sourceTree = "<group>"; };
		E5B6F8ED1EF819D6004ECDD4 /* ijkplayer_internal.h */ = {isa = PBXFileReference; fileEncoding = 4; lastKnownFileType = sourcecode.c.h; name = ijkplayer_internal.h; path = ../../../../../ijkmedia/ijkplayer/ijkplayer_internal.h; sourceTree = "<group>"; };
		E5B6F8EE1EF819D6004ECDD4 /* ijkplayer.c */ = {isa = PBXFileReference; fileEncoding = 4; lastKnownFileType = sourcecode.c.c; name = ijkplayer.c; path = ../../../../../ijkmedia/ijkplayer/ijkplayer.c; sourceTree = "<group>"; };
		E5B6F8EF1EF819D6004ECDD4 /* ijkplayer.h */ = {isa = PBXFileReference; fileEncoding = 4; lastKnownFileType = sourcecode.c.h; name = ijkplayer.h; path = ../../../../../ijkmedia/ijkplayer/ijkplayer.h; sourceTree = "<group>"; };
		E5B6F8F11EF819D6004ECDD4 /* ffpipeline_ffplay.c */ = {isa = PBXFileReference; fileEncoding = 4; lastKnownFileType = sourcecode.c.c; path = ffpipeline_ffplay.c; sourceTree = "<group>"; };
		E5B6F8F21EF819D6004ECDD4 /* ffpipeline_ffplay.h */ = {isa = PBXFileReference; fileEncoding = 4; lastKnownFileType = sourcecode.c.h; path = ffpipeline_ffplay.h; sourceTree = "<group>"; };
		E5B6F8F31EF819D6004ECDD4 /* ffpipenode_ffplay_vdec.c */ = {isa = PBXFileReference; fileEncoding = 4; lastKnownFileType = sourcecode.c.c; path = ffpipenode_ffplay_vdec.c; sourceTree = "<group>"; };
		E5B6F8F41EF819D6004ECDD4 /* ffpipenode_ffplay_vdec.h */ = {isa = PBXFileReference; fileEncoding = 4; lastKnownFileType = sourcecode.c.h; path = ffpipenode_ffplay_vdec.h; sourceTree = "<group>"; };
		E5B6F8F51EF819D6004ECDD4 /* version.h */ = {isa = PBXFileReference; fileEncoding = 4; lastKnownFileType = sourcecode.c.h; name = version.h; path = ../../../../../ijkmedia/ijkplayer/version.h; sourceTree = "<group>"; };
		E5B6F91A1EF81A0F004ECDD4 /* ijksdl_dummy.h */ = {isa = PBXFileReference; fileEncoding = 4; lastKnownFileType = sourcecode.c.h; path = ijksdl_dummy.h; sourceTree = "<group>"; };
		E5B6F91B1EF81A0F004ECDD4 /* ijksdl_vout_dummy.c */ = {isa = PBXFileReference; fileEncoding = 4; lastKnownFileType = sourcecode.c.c; path = ijksdl_vout_dummy.c; sourceTree = "<group>"; };
		E5B6F91C1EF81A0F004ECDD4 /* ijksdl_vout_dummy.h */ = {isa = PBXFileReference; fileEncoding = 4; lastKnownFileType = sourcecode.c.h; path = ijksdl_vout_dummy.h; sourceTree = "<group>"; };
		E5B6F91F1EF81A0F004ECDD4 /* image_convert.c */ = {isa = PBXFileReference; fileEncoding = 4; lastKnownFileType = sourcecode.c.c; path = image_convert.c; sourceTree = "<group>"; };
		E5B6F9201EF81A0F004ECDD4 /* ijksdl_image_convert.h */ = {isa = PBXFileReference; fileEncoding = 4; lastKnownFileType = sourcecode.c.h; path = ijksdl_image_convert.h; sourceTree = "<group>"; };
		E5B6F9211EF81A0F004ECDD4 /* ijksdl_inc_ffmpeg.h */ = {isa = PBXFileReference; fileEncoding = 4; lastKnownFileType = sourcecode.c.h; path = ijksdl_inc_ffmpeg.h; sourceTree = "<group>"; };
		E5B6F9221EF81A0F004ECDD4 /* ijksdl_vout_overlay_ffmpeg.c */ = {isa = PBXFileReference; fileEncoding = 4; lastKnownFileType = sourcecode.c.c; path = ijksdl_vout_overlay_ffmpeg.c; sourceTree = "<group>"; };
		E5B6F9231EF81A0F004ECDD4 /* ijksdl_vout_overlay_ffmpeg.h */ = {isa = PBXFileReference; fileEncoding = 4; lastKnownFileType = sourcecode.c.h; path = ijksdl_vout_overlay_ffmpeg.h; sourceTree = "<group>"; };
		E5B6F9361EF81A0F004ECDD4 /* ijksdl_aout_internal.h */ = {isa = PBXFileReference; fileEncoding = 4; lastKnownFileType = sourcecode.c.h; name = ijksdl_aout_internal.h; path = ../../../../../ijkmedia/ijksdl/ijksdl_aout_internal.h; sourceTree = "<group>"; };
		E5B6F9371EF81A0F004ECDD4 /* ijksdl_aout.c */ = {isa = PBXFileReference; fileEncoding = 4; lastKnownFileType = sourcecode.c.c; name = ijksdl_aout.c; path = ../../../../../ijkmedia/ijksdl/ijksdl_aout.c; sourceTree = "<group>"; };
		E5B6F9381EF81A0F004ECDD4 /* ijksdl_aout.h */ = {isa = PBXFileReference; fileEncoding = 4; lastKnownFileType = sourcecode.c.h; name = ijksdl_aout.h; path = ../../../../../ijkmedia/ijksdl/ijksdl_aout.h; sourceTree = "<group>"; };
		E5B6F9391EF81A0F004ECDD4 /* ijksdl_audio.c */ = {isa = PBXFileReference; fileEncoding = 4; lastKnownFileType = sourcecode.c.c; name = ijksdl_audio.c; path = ../../../../../ijkmedia/ijksdl/ijksdl_audio.c; sourceTree = "<group>"; };
		E5B6F93A1EF81A0F004ECDD4 /* ijksdl_audio.h */ = {isa = PBXFileReference; fileEncoding = 4; lastKnownFileType = sourcecode.c.h; name = ijksdl_audio.h; path = ../../../../../ijkmedia/ijksdl/ijksdl_audio.h; sourceTree = "<group>"; };
		E5B6F93B1EF81A0F004ECDD4 /* ijksdl_class.h */ = {isa = PBXFileReference; fileEncoding = 4; lastKnownFileType = sourcecode.c.h; name = ijksdl_class.h; path = ../../../../../ijkmedia/ijksdl/ijksdl_class.h; sourceTree = "<group>"; };
		E5B6F93C1EF81A0F004ECDD4 /* ijksdl_container.h */ = {isa = PBXFileReference; fileEncoding = 4; lastKnownFileType = sourcecode.c.h; name = ijksdl_container.h; path = ../../../../../ijkmedia/ijksdl/ijksdl_container.h; sourceTree = "<group>"; };
		E5B6F93D1EF81A0F004ECDD4 /* ijksdl_egl.c */ = {isa = PBXFileReference; fileEncoding = 4; lastKnownFileType = sourcecode.c.c; name = ijksdl_egl.c; path = ../../../../../ijkmedia/ijksdl/ijksdl_egl.c; sourceTree = "<group>"; };
		E5B6F93E1EF81A0F004ECDD4 /* ijksdl_egl.h */ = {isa = PBXFileReference; fileEncoding = 4; lastKnownFileType = sourcecode.c.h; name = ijksdl_egl.h; path = ../../../../../ijkmedia/ijksdl/ijksdl_egl.h; sourceTree = "<group>"; };
		E5B6F93F1EF81A0F004ECDD4 /* ijksdl_endian.h */ = {isa = PBXFileReference; fileEncoding = 4; lastKnownFileType = sourcecode.c.h; name = ijksdl_endian.h; path = ../../../../../ijkmedia/ijksdl/ijksdl_endian.h; sourceTree = "<group>"; };
		E5B6F9401EF81A0F004ECDD4 /* ijksdl_error.c */ = {isa = PBXFileReference; fileEncoding = 4; lastKnownFileType = sourcecode.c.c; name = ijksdl_error.c; path = ../../../../../ijkmedia/ijksdl/ijksdl_error.c; sourceTree = "<group>"; };
		E5B6F9411EF81A0F004ECDD4 /* ijksdl_error.h */ = {isa = PBXFileReference; fileEncoding = 4; lastKnownFileType = sourcecode.c.h; name = ijksdl_error.h; path = ../../../../../ijkmedia/ijksdl/ijksdl_error.h; sourceTree = "<group>"; };
		E5B6F9421EF81A0F004ECDD4 /* ijksdl_fourcc.h */ = {isa = PBXFileReference; fileEncoding = 4; lastKnownFileType = sourcecode.c.h; name = ijksdl_fourcc.h; path = ../../../../../ijkmedia/ijksdl/ijksdl_fourcc.h; sourceTree = "<group>"; };
		E5B6F9431EF81A0F004ECDD4 /* ijksdl_gles2.h */ = {isa = PBXFileReference; fileEncoding = 4; lastKnownFileType = sourcecode.c.h; name = ijksdl_gles2.h; path = ../../../../../ijkmedia/ijksdl/ijksdl_gles2.h; sourceTree = "<group>"; };
		E5B6F9441EF81A0F004ECDD4 /* ijksdl_inc_internal.h */ = {isa = PBXFileReference; fileEncoding = 4; lastKnownFileType = sourcecode.c.h; name = ijksdl_inc_internal.h; path = ../../../../../ijkmedia/ijksdl/ijksdl_inc_internal.h; sourceTree = "<group>"; };
		E5B6F9451EF81A0F004ECDD4 /* ijksdl_log.h */ = {isa = PBXFileReference; fileEncoding = 4; lastKnownFileType = sourcecode.c.h; name = ijksdl_log.h; path = ../../../../../ijkmedia/ijksdl/ijksdl_log.h; sourceTree = "<group>"; };
		E5B6F9461EF81A0F004ECDD4 /* ijksdl_misc.h */ = {isa = PBXFileReference; fileEncoding = 4; lastKnownFileType = sourcecode.c.h; name = ijksdl_misc.h; path = ../../../../../ijkmedia/ijksdl/ijksdl_misc.h; sourceTree = "<group>"; };
		E5B6F9471EF81A0F004ECDD4 /* ijksdl_mutex.c */ = {isa = PBXFileReference; fileEncoding = 4; lastKnownFileType = sourcecode.c.c; name = ijksdl_mutex.c; path = ../../../../../ijkmedia/ijksdl/ijksdl_mutex.c; sourceTree = "<group>"; };
		E5B6F9481EF81A0F004ECDD4 /* ijksdl_mutex.h */ = {isa = PBXFileReference; fileEncoding = 4; lastKnownFileType = sourcecode.c.h; name = ijksdl_mutex.h; path = ../../../../../ijkmedia/ijksdl/ijksdl_mutex.h; sourceTree = "<group>"; };
		E5B6F9491EF81A0F004ECDD4 /* ijksdl_stdinc.c */ = {isa = PBXFileReference; fileEncoding = 4; lastKnownFileType = sourcecode.c.c; name = ijksdl_stdinc.c; path = ../../../../../ijkmedia/ijksdl/ijksdl_stdinc.c; sourceTree = "<group>"; };
		E5B6F94A1EF81A0F004ECDD4 /* ijksdl_stdinc.h */ = {isa = PBXFileReference; fileEncoding = 4; lastKnownFileType = sourcecode.c.h; name = ijksdl_stdinc.h; path = ../../../../../ijkmedia/ijksdl/ijksdl_stdinc.h; sourceTree = "<group>"; };
		E5B6F94B1EF81A0F004ECDD4 /* ijksdl_thread.c */ = {isa = PBXFileReference; fileEncoding = 4; lastKnownFileType = sourcecode.c.c; name = ijksdl_thread.c; path = ../../../../../ijkmedia/ijksdl/ijksdl_thread.c; sourceTree = "<group>"; };
		E5B6F94C1EF81A0F004ECDD4 /* ijksdl_thread.h */ = {isa = PBXFileReference; fileEncoding = 4; lastKnownFileType = sourcecode.c.h; name = ijksdl_thread.h; path = ../../../../../ijkmedia/ijksdl/ijksdl_thread.h; sourceTree = "<group>"; };
		E5B6F94D1EF81A0F004ECDD4 /* ijksdl_timer.c */ = {isa = PBXFileReference; fileEncoding = 4; lastKnownFileType = sourcecode.c.c; name = ijksdl_timer.c; path = ../../../../../ijkmedia/ijksdl/ijksdl_timer.c; sourceTree = "<group>"; };
		E5B6F94E1EF81A0F004ECDD4 /* ijksdl_timer.h */ = {isa = PBXFileReference; fileEncoding = 4; lastKnownFileType = sourcecode.c.h; name = ijksdl_timer.h; path = ../../../../../ijkmedia/ijksdl/ijksdl_timer.h; sourceTree = "<group>"; };
		E5B6F94F1EF81A0F004ECDD4 /* ijksdl_video.h */ = {isa = PBXFileReference; fileEncoding = 4; lastKnownFileType = sourcecode.c.h; name = ijksdl_video.h; path = ../../../../../ijkmedia/ijksdl/ijksdl_video.h; sourceTree = "<group>"; };
		E5B6F9501EF81A0F004ECDD4 /* ijksdl_vout_internal.h */ = {isa = PBXFileReference; fileEncoding = 4; lastKnownFileType = sourcecode.c.h; name = ijksdl_vout_internal.h; path = ../../../../../ijkmedia/ijksdl/ijksdl_vout_internal.h; sourceTree = "<group>"; };
		E5B6F9511EF81A0F004ECDD4 /* ijksdl_vout.c */ = {isa = PBXFileReference; fileEncoding = 4; lastKnownFileType = sourcecode.c.c; name = ijksdl_vout.c; path = ../../../../../ijkmedia/ijksdl/ijksdl_vout.c; sourceTree = "<group>"; };
		E5B6F9521EF81A0F004ECDD4 /* ijksdl_vout.h */ = {isa = PBXFileReference; fileEncoding = 4; lastKnownFileType = sourcecode.c.h; name = ijksdl_vout.h; path = ../../../../../ijkmedia/ijksdl/ijksdl_vout.h; sourceTree = "<group>"; };
		E5B6F9531EF81A0F004ECDD4 /* ijksdl.h */ = {isa = PBXFileReference; fileEncoding = 4; lastKnownFileType = sourcecode.c.h; name = ijksdl.h; path = ../../../../../ijkmedia/ijksdl/ijksdl.h; sourceTree = "<group>"; };
/* End PBXFileReference section */

/* Begin PBXFrameworksBuildPhase section */
		E5580ACD1EEC0C87001BEA47 /* Frameworks */ = {
			isa = PBXFrameworksBuildPhase;
			buildActionMask = 2147483647;
			files = (
			);
			runOnlyForDeploymentPostprocessing = 0;
		};
		E5580AD71EEC0C87001BEA47 /* Frameworks */ = {
			isa = PBXFrameworksBuildPhase;
			buildActionMask = 2147483647;
			files = (
				E5580ADB1EEC0C87001BEA47 /* IJKMediaPlayer.framework in Frameworks */,
			);
			runOnlyForDeploymentPostprocessing = 0;
		};
/* End PBXFrameworksBuildPhase section */

/* Begin PBXGroup section */
		E5580AC71EEC0C87001BEA47 = {
			isa = PBXGroup;
			children = (
				E5B6F8461EF818C0004ECDD4 /* IJKMPMoviePlayerController */,
				E5B6F83D1EF81698004ECDD4 /* IJKAVMoviePlayerController */,
				E5580B331EEC0DF1001BEA47 /* IJKFFMoviePlayerController */,
				E5580AD31EEC0C87001BEA47 /* IJKMediaPlayer */,
				E5580ADE1EEC0C87001BEA47 /* IJKMediaPlayerTests */,
				E5580AD21EEC0C87001BEA47 /* Products */,
			);
			sourceTree = "<group>";
		};
		E5580AD21EEC0C87001BEA47 /* Products */ = {
			isa = PBXGroup;
			children = (
				E5580AD11EEC0C87001BEA47 /* IJKMediaPlayer.framework */,
				E5580ADA1EEC0C87001BEA47 /* IJKMediaPlayerTests.xctest */,
			);
			name = Products;
			sourceTree = "<group>";
		};
		E5580AD31EEC0C87001BEA47 /* IJKMediaPlayer */ = {
			isa = PBXGroup;
			children = (
				E5B6F8141EF811EC004ECDD4 /* IJKAudioKit.h */,
				E5B6F8151EF811EC004ECDD4 /* IJKAudioKit.m */,
				E5B6F8161EF811EC004ECDD4 /* IJKDeviceModel.h */,
				E5B6F8171EF811EC004ECDD4 /* IJKDeviceModel.m */,
				E5B6F8181EF811EC004ECDD4 /* IJKKVOController.h */,
				E5B6F8191EF811EC004ECDD4 /* IJKKVOController.m */,
				E5B6F81A1EF811EC004ECDD4 /* IJKMediaModule.h */,
				E5B6F81B1EF811EC004ECDD4 /* IJKMediaModule.m */,
				E5B6F81C1EF811EC004ECDD4 /* IJKMediaPlayback.h */,
				E5B6F81D1EF811EC004ECDD4 /* IJKMediaPlayback.m */,
				E5B6F81E1EF811EC004ECDD4 /* IJKMediaPlayer.h */,
				E5B6F81F1EF811EC004ECDD4 /* IJKMediaUtils.h */,
				E5B6F8201EF811ED004ECDD4 /* IJKMediaUtils.m */,
				E5B6F8211EF811ED004ECDD4 /* IJKNotificationManager.h */,
				E5B6F8221EF811ED004ECDD4 /* IJKNotificationManager.m */,
				E5B6F8231EF811ED004ECDD4 /* NSString+IJKMedia.h */,
				E5B6F8241EF811ED004ECDD4 /* NSString+IJKMedia.m */,
				E5580AD51EEC0C87001BEA47 /* Info.plist */,
			);
			path = IJKMediaPlayer;
			sourceTree = "<group>";
		};
		E5580ADE1EEC0C87001BEA47 /* IJKMediaPlayerTests */ = {
			isa = PBXGroup;
			children = (
				E5580ADF1EEC0C87001BEA47 /* IJKMediaPlayerTests.m */,
				E5580AE11EEC0C87001BEA47 /* Info.plist */,
			);
			path = IJKMediaPlayerTests;
			sourceTree = "<group>";
		};
		E5580B331EEC0DF1001BEA47 /* IJKFFMoviePlayerController */ = {
			isa = PBXGroup;
			children = (
				E5B6F84B1EF8195A004ECDD4 /* IJKFFMonitor.h */,
				E5B6F84C1EF8195A004ECDD4 /* IJKFFMonitor.m */,
				E5B6F84F1EF8195A004ECDD4 /* IJKFFMoviePlayerDef.h */,
				E5B6F8501EF8195A004ECDD4 /* IJKFFMoviePlayerDef.m */,
				E55AD5E01F7258750041C09A /* ijk_ffplay_decoder.h */,
				E55AD5E11F7258750041C09A /* ijk_ffplay_decoder.mm */,
				E55AD5EB1F726DDA0041C09A /* IJKFFMoviePlayerController.h */,
				E55AD5EC1F726DDA0041C09A /* IJKFFMoviePlayerController.m */,
				E55AD5E21F7258750041C09A /* ijk_frame.h */,
				E55AD5E31F7258750041C09A /* ijk_metadata.h */,
				E5B6F8511EF8195A004ECDD4 /* IJKFFOptions.h */,
				E5B6F8521EF8195A004ECDD4 /* IJKFFOptions.m */,
				E5B6F8531EF8195A004ECDD4 /* ijkmedia */,
				E51F3D691EF2753F00B1B201 /* ijkversion.h */,
			);
			name = IJKFFMoviePlayerController;
			sourceTree = "<group>";
		};
		E5B6F83D1EF81698004ECDD4 /* IJKAVMoviePlayerController */ = {
			isa = PBXGroup;
			children = (
			);
			name = IJKAVMoviePlayerController;
			sourceTree = "<group>";
		};
		E5B6F8461EF818C0004ECDD4 /* IJKMPMoviePlayerController */ = {
			isa = PBXGroup;
			children = (
			);
			name = IJKMPMoviePlayerController;
			sourceTree = "<group>";
		};
		E5B6F8531EF8195A004ECDD4 /* ijkmedia */ = {
			isa = PBXGroup;
			children = (
				E5B6F8541EF8195A004ECDD4 /* ijkplayer */,
				E5B6F87A1EF8195A004ECDD4 /* ijksdl */,
			);
			name = ijkmedia;
			path = IJKMediaPlayer/ijkmedia;
			sourceTree = "<group>";
		};
		E5B6F8541EF8195A004ECDD4 /* ijkplayer */ = {
			isa = PBXGroup;
			children = (
				E5B6F8D01EF819D6004ECDD4 /* config.h */,
				E5B6F8D11EF819D6004ECDD4 /* ff_cmdutils.c */,
				E5B6F8D21EF819D6004ECDD4 /* ff_cmdutils.h */,
				E5B6F8D31EF819D6004ECDD4 /* ff_fferror.h */,
				E5B6F8D41EF819D6004ECDD4 /* ff_ffinc.h */,
				E5B6F8D51EF819D6004ECDD4 /* ff_ffmsg_queue.h */,
				E5B6F8D61EF819D6004ECDD4 /* ff_ffmsg.h */,
				E5B6F8D71EF819D6004ECDD4 /* ff_ffpipeline.c */,
				E5B6F8D81EF819D6004ECDD4 /* ff_ffpipeline.h */,
				E5B6F8D91EF819D6004ECDD4 /* ff_ffpipenode.c */,
				E5B6F8DA1EF819D6004ECDD4 /* ff_ffpipenode.h */,
				E5B6F8DB1EF819D6004ECDD4 /* ff_ffplay_debug.h */,
				E5B6F8DC1EF819D6004ECDD4 /* ff_ffplay_def.h */,
				E5B6F8DD1EF819D6004ECDD4 /* ff_ffplay_options.h */,
				E5B6F8DE1EF819D6004ECDD4 /* ff_ffplay.c */,
				E5B6F8DF1EF819D6004ECDD4 /* ff_ffplay.h */,
				E5B6F8E01EF819D6004ECDD4 /* ijkavformat */,
				E5B6F8E91EF819D6004ECDD4 /* ijkavutil */,
				E5B6F8EB1EF819D6004ECDD4 /* ijkmeta.c */,
				E5B6F8EC1EF819D6004ECDD4 /* ijkmeta.h */,
				E5B6F8ED1EF819D6004ECDD4 /* ijkplayer_internal.h */,
				E5B6F8EE1EF819D6004ECDD4 /* ijkplayer.c */,
				E5B6F8EF1EF819D6004ECDD4 /* ijkplayer.h */,
				E5B6F8F01EF819D6004ECDD4 /* pipeline */,
				E5B6F8F51EF819D6004ECDD4 /* version.h */,
				E5B6F8551EF8195A004ECDD4 /* ios */,
			);
			path = ijkplayer;
			sourceTree = "<group>";
		};
		E5B6F8551EF8195A004ECDD4 /* ios */ = {
			isa = PBXGroup;
			children = (
				E5B6F8561EF8195A004ECDD4 /* ijkplayer_ios.h */,
				E5B6F8571EF8195A004ECDD4 /* ijkplayer_ios.m */,
				E5B6F8581EF8195A004ECDD4 /* liveplayer */,
				E5B6F8721EF8195A004ECDD4 /* pipeline */,
			);
			path = ios;
			sourceTree = "<group>";
		};
		E5B6F8581EF8195A004ECDD4 /* liveplayer */ = {
			isa = PBXGroup;
			children = (
				E5B6F8591EF8195A004ECDD4 /* avqueue.c */,
				E5B6F85A1EF8195A004ECDD4 /* avqueue.h */,
				E5B6F85B1EF8195A004ECDD4 /* bufchan.c */,
				E5B6F85C1EF8195A004ECDD4 /* bufchan.h */,
				E5B6F85D1EF8195A004ECDD4 /* decode.c */,
				E5B6F85E1EF8195A004ECDD4 /* decode.h */,
				E5B6F85F1EF8195A004ECDD4 /* fifo.c */,
				E5B6F8601EF8195A004ECDD4 /* fifo.h */,
				E5B6F8611EF8195A004ECDD4 /* frame.h */,
				E5B6F8621EF8195A004ECDD4 /* netio.c */,
				E5B6F8631EF8195A004ECDD4 /* netio.h */,
				E5B6F8641EF8195A004ECDD4 /* queue.c */,
				E5B6F8651EF8195A004ECDD4 /* queue.h */,
				E5B6F8661EF8195A004ECDD4 /* rtspdec.c */,
				E5B6F8671EF8195A004ECDD4 /* rtspdec.h */,
				E5B6F8681EF8195A004ECDD4 /* rtspsink.c */,
				E5B6F8691EF8195A004ECDD4 /* rtspsink.h */,
				E5B6F86A1EF8195A004ECDD4 /* tcpsink.c */,
				E5B6F86B1EF8195A004ECDD4 /* tcpsink.h */,
				E5B6F86C1EF8195A004ECDD4 /* url.c */,
				E5B6F86D1EF8195A004ECDD4 /* url.h */,
				E5B6F86E1EF8195A004ECDD4 /* viddec.c */,
				E5B6F86F1EF8195A004ECDD4 /* viddec.h */,
				E5B6F8701EF8195A004ECDD4 /* videosink.c */,
				E5B6F8711EF8195A004ECDD4 /* videosink.h */,
			);
			path = liveplayer;
			sourceTree = "<group>";
		};
		E5B6F8721EF8195A004ECDD4 /* pipeline */ = {
			isa = PBXGroup;
			children = (
				E5B6F8731EF8195A004ECDD4 /* ffpipeline_ios.c */,
				E5B6F8741EF8195A004ECDD4 /* ffpipeline_ios.h */,
				E5B6F8751EF8195A004ECDD4 /* ffpipenode_ios_videotoolbox_vdec.h */,
				E5B6F8761EF8195A004ECDD4 /* ffpipenode_ios_videotoolbox_vdec.m */,
				E5B6F8771EF8195A004ECDD4 /* h264_sps_parser.h */,
				E5B6F8781EF8195A004ECDD4 /* IJKVideoToolBox.h */,
				E5B6F8791EF8195A004ECDD4 /* IJKVideoToolBox.m */,
			);
			path = pipeline;
			sourceTree = "<group>";
		};
		E5B6F87A1EF8195A004ECDD4 /* ijksdl */ = {
			isa = PBXGroup;
			children = (
				E5B6F9191EF81A0F004ECDD4 /* dummy */,
				E5B6F91D1EF81A0F004ECDD4 /* ffmpeg */,
				E5B6F9241EF81A0F004ECDD4 /* gles2 */,
				E5B6F9361EF81A0F004ECDD4 /* ijksdl_aout_internal.h */,
				E5B6F9371EF81A0F004ECDD4 /* ijksdl_aout.c */,
				E5B6F9381EF81A0F004ECDD4 /* ijksdl_aout.h */,
				E5B6F9391EF81A0F004ECDD4 /* ijksdl_audio.c */,
				E5B6F93A1EF81A0F004ECDD4 /* ijksdl_audio.h */,
				E5B6F93B1EF81A0F004ECDD4 /* ijksdl_class.h */,
				E5B6F93C1EF81A0F004ECDD4 /* ijksdl_container.h */,
				E5B6F93D1EF81A0F004ECDD4 /* ijksdl_egl.c */,
				E5B6F93E1EF81A0F004ECDD4 /* ijksdl_egl.h */,
				E5B6F93F1EF81A0F004ECDD4 /* ijksdl_endian.h */,
				E5B6F9401EF81A0F004ECDD4 /* ijksdl_error.c */,
				E5B6F9411EF81A0F004ECDD4 /* ijksdl_error.h */,
				E5B6F9421EF81A0F004ECDD4 /* ijksdl_fourcc.h */,
				E5B6F9431EF81A0F004ECDD4 /* ijksdl_gles2.h */,
				E5B6F9441EF81A0F004ECDD4 /* ijksdl_inc_internal.h */,
				E5B6F9451EF81A0F004ECDD4 /* ijksdl_log.h */,
				E5B6F9461EF81A0F004ECDD4 /* ijksdl_misc.h */,
				E5B6F9471EF81A0F004ECDD4 /* ijksdl_mutex.c */,
				E5B6F9481EF81A0F004ECDD4 /* ijksdl_mutex.h */,
				E5B6F9491EF81A0F004ECDD4 /* ijksdl_stdinc.c */,
				E5B6F94A1EF81A0F004ECDD4 /* ijksdl_stdinc.h */,
				E5B6F94B1EF81A0F004ECDD4 /* ijksdl_thread.c */,
				E5B6F94C1EF81A0F004ECDD4 /* ijksdl_thread.h */,
				E5B6F94D1EF81A0F004ECDD4 /* ijksdl_timer.c */,
				E5B6F94E1EF81A0F004ECDD4 /* ijksdl_timer.h */,
				E5B6F94F1EF81A0F004ECDD4 /* ijksdl_video.h */,
				E5B6F9501EF81A0F004ECDD4 /* ijksdl_vout_internal.h */,
				E5B6F9511EF81A0F004ECDD4 /* ijksdl_vout.c */,
				E5B6F9521EF81A0F004ECDD4 /* ijksdl_vout.h */,
				E5B6F9531EF81A0F004ECDD4 /* ijksdl.h */,
				E5B6F87B1EF8195A004ECDD4 /* ios */,
			);
			path = ijksdl;
			sourceTree = "<group>";
		};
		E5B6F87B1EF8195A004ECDD4 /* ios */ = {
			isa = PBXGroup;
			children = (
				E5B6F87C1EF8195A004ECDD4 /* ijksdl_aout_ios_audiounit.h */,
				E5B6F87D1EF8195A004ECDD4 /* ijksdl_aout_ios_audiounit.m */,
				E5B6F87E1EF8195A004ECDD4 /* ijksdl_ios.h */,
				E5B6F87F1EF8195A004ECDD4 /* ijksdl_thread_ios.h */,
				E5B6F8801EF8195A004ECDD4 /* ijksdl_thread_ios.m */,
				E5B6F8811EF8195A004ECDD4 /* ijksdl_vout_ios_gles2.h */,
				E5B6F8821EF8195A004ECDD4 /* ijksdl_vout_ios_gles2.m */,
				E5B6F8831EF8195A004ECDD4 /* ijksdl_vout_overlay_videotoolbox.h */,
				E5B6F8841EF8195A004ECDD4 /* ijksdl_vout_overlay_videotoolbox.m */,
				E5B6F8851EF8195A004ECDD4 /* IJKSDLAudioKit.h */,
				E5B6F8861EF8195A004ECDD4 /* IJKSDLAudioKit.m */,
				E5B6F8871EF8195A004ECDD4 /* IJKSDLAudioQueueController.h */,
				E5B6F8881EF8195A004ECDD4 /* IJKSDLAudioQueueController.m */,
				E5B6F8891EF8195A004ECDD4 /* IJKSDLAudioUnitController.h */,
				E5B6F88A1EF8195A004ECDD4 /* IJKSDLAudioUnitController.m */,
			);
			path = ios;
			sourceTree = "<group>";
		};
		E5B6F8E01EF819D6004ECDD4 /* ijkavformat */ = {
			isa = PBXGroup;
			children = (
				E5B6F8E11EF819D6004ECDD4 /* allformats.c */,
				E5B6F8E21EF819D6004ECDD4 /* ijkasync.c */,
				E5B6F8E31EF819D6004ECDD4 /* ijkavformat.h */,
				E5B6F8E41EF819D6004ECDD4 /* ijklivehook.c */,
				E5B6F8E51EF819D6004ECDD4 /* ijklongurl.c */,
				E5B6F8E61EF819D6004ECDD4 /* ijkmediadatasource.c */,
				E5B6F8E71EF819D6004ECDD4 /* ijksegment.c */,
				E5B6F8E81EF819D6004ECDD4 /* ijkurlhook.c */,
			);
			name = ijkavformat;
			path = ../../../../../ijkmedia/ijkplayer/ijkavformat;
			sourceTree = "<group>";
		};
		E5B6F8E91EF819D6004ECDD4 /* ijkavutil */ = {
			isa = PBXGroup;
			children = (
				E5B6F8EA1EF819D6004ECDD4 /* opt.h */,
			);
			name = ijkavutil;
			path = ../../../../../ijkmedia/ijkplayer/ijkavutil;
			sourceTree = "<group>";
		};
		E5B6F8F01EF819D6004ECDD4 /* pipeline */ = {
			isa = PBXGroup;
			children = (
				E5B6F8F11EF819D6004ECDD4 /* ffpipeline_ffplay.c */,
				E5B6F8F21EF819D6004ECDD4 /* ffpipeline_ffplay.h */,
				E5B6F8F31EF819D6004ECDD4 /* ffpipenode_ffplay_vdec.c */,
				E5B6F8F41EF819D6004ECDD4 /* ffpipenode_ffplay_vdec.h */,
			);
			name = pipeline;
			path = ../../../../../ijkmedia/ijkplayer/pipeline;
			sourceTree = "<group>";
		};
		E5B6F9191EF81A0F004ECDD4 /* dummy */ = {
			isa = PBXGroup;
			children = (
				E5B6F91A1EF81A0F004ECDD4 /* ijksdl_dummy.h */,
				E5B6F91B1EF81A0F004ECDD4 /* ijksdl_vout_dummy.c */,
				E5B6F91C1EF81A0F004ECDD4 /* ijksdl_vout_dummy.h */,
			);
			name = dummy;
			path = ../../../../../ijkmedia/ijksdl/dummy;
			sourceTree = "<group>";
		};
		E5B6F91D1EF81A0F004ECDD4 /* ffmpeg */ = {
			isa = PBXGroup;
			children = (
				E5B6F91E1EF81A0F004ECDD4 /* abi_all */,
				E5B6F9201EF81A0F004ECDD4 /* ijksdl_image_convert.h */,
				E5B6F9211EF81A0F004ECDD4 /* ijksdl_inc_ffmpeg.h */,
				E5B6F9221EF81A0F004ECDD4 /* ijksdl_vout_overlay_ffmpeg.c */,
				E5B6F9231EF81A0F004ECDD4 /* ijksdl_vout_overlay_ffmpeg.h */,
			);
			name = ffmpeg;
			path = ../../../../../ijkmedia/ijksdl/ffmpeg;
			sourceTree = "<group>";
		};
		E5B6F91E1EF81A0F004ECDD4 /* abi_all */ = {
			isa = PBXGroup;
			children = (
				E5B6F91F1EF81A0F004ECDD4 /* image_convert.c */,
			);
			path = abi_all;
			sourceTree = "<group>";
		};
		E5B6F9241EF81A0F004ECDD4 /* gles2 */ = {
			isa = PBXGroup;
			children = (
			);
			name = gles2;
			path = ../../../../../ijkmedia/ijksdl/gles2;
			sourceTree = "<group>";
		};
/* End PBXGroup section */

/* Begin PBXHeadersBuildPhase section */
		E5580ACE1EEC0C87001BEA47 /* Headers */ = {
			isa = PBXHeadersBuildPhase;
			buildActionMask = 2147483647;
			files = (
				E5B6F8A31EF8195A004ECDD4 /* frame.h in Headers */,
				E5B6F97B1EF81A0F004ECDD4 /* ijksdl_misc.h in Headers */,
				E55AD5E71F7258750041C09A /* ijk_metadata.h in Headers */,
				E5B6F9871EF81A0F004ECDD4 /* ijksdl_vout.h in Headers */,
				E5B6F82B1EF811ED004ECDD4 /* IJKMediaModule.h in Headers */,
				E55AD5E61F7258750041C09A /* ijk_frame.h in Headers */,
				E5B6F8A91EF8195A004ECDD4 /* rtspdec.h in Headers */,
				E5B6F8C81EF8195A004ECDD4 /* IJKSDLAudioUnitController.h in Headers */,
				E5B6F9001EF819D6004ECDD4 /* ff_ffpipenode.h in Headers */,
				E5B6F96F1EF81A0F004ECDD4 /* ijksdl_audio.h in Headers */,
				E5B6F9051EF819D6004ECDD4 /* ff_ffplay.h in Headers */,
				E5B6F8BE1EF8195A004ECDD4 /* ijksdl_thread_ios.h in Headers */,
				E5B6F9101EF819D6004ECDD4 /* ijkmeta.h in Headers */,
				E5B6F8951EF8195A004ECDD4 /* IJKFFMoviePlayerDef.h in Headers */,
				E5B6F8F81EF819D6004ECDD4 /* ff_cmdutils.h in Headers */,
				E5B6F9831EF81A0F004ECDD4 /* ijksdl_timer.h in Headers */,
				E5B6F9031EF819D6004ECDD4 /* ff_ffplay_options.h in Headers */,
				E5B6F9791EF81A0F004ECDD4 /* ijksdl_inc_internal.h in Headers */,
				E5B6F8911EF8195A004ECDD4 /* IJKFFMonitor.h in Headers */,
				E5B6F9011EF819D6004ECDD4 /* ff_ffplay_debug.h in Headers */,
				E5B6F8B61EF8195A004ECDD4 /* ffpipenode_ios_videotoolbox_vdec.h in Headers */,
				E5B6F9731EF81A0F004ECDD4 /* ijksdl_egl.h in Headers */,
				E5B6F9591EF81A0F004ECDD4 /* ijksdl_inc_ffmpeg.h in Headers */,
				E5B6F90E1EF819D6004ECDD4 /* opt.h in Headers */,
				E5B6F8AF1EF8195A004ECDD4 /* url.h in Headers */,
				E5B6F8A01EF8195A004ECDD4 /* decode.h in Headers */,
				E5B6F8FB1EF819D6004ECDD4 /* ff_ffmsg_queue.h in Headers */,
				E5B6F9081EF819D6004ECDD4 /* ijkavformat.h in Headers */,
				E5B6F9151EF819D6004ECDD4 /* ffpipeline_ffplay.h in Headers */,
				E5B6F8A71EF8195A004ECDD4 /* queue.h in Headers */,
				E5B6F8FE1EF819D6004ECDD4 /* ff_ffpipeline.h in Headers */,
				E5B6F8301EF811ED004ECDD4 /* IJKMediaUtils.h in Headers */,
				E5B6F9851EF81A0F004ECDD4 /* ijksdl_vout_internal.h in Headers */,
				E5B6F8321EF811ED004ECDD4 /* IJKNotificationManager.h in Headers */,
				E5B6F9881EF81A0F004ECDD4 /* ijksdl.h in Headers */,
				E5B6F9021EF819D6004ECDD4 /* ff_ffplay_def.h in Headers */,
				E5B6F8C61EF8195A004ECDD4 /* IJKSDLAudioQueueController.h in Headers */,
				E5B6F9701EF81A0F004ECDD4 /* ijksdl_class.h in Headers */,
				E5B6F82F1EF811ED004ECDD4 /* IJKMediaPlayer.h in Headers */,
				E5B6F9561EF81A0F004ECDD4 /* ijksdl_vout_dummy.h in Headers */,
				E5B6F9581EF81A0F004ECDD4 /* ijksdl_image_convert.h in Headers */,
				E5B6F8BD1EF8195A004ECDD4 /* ijksdl_ios.h in Headers */,
				E5B6F8B81EF8195A004ECDD4 /* h264_sps_parser.h in Headers */,
				E5B6F9741EF81A0F004ECDD4 /* ijksdl_endian.h in Headers */,
				E5B6F8A21EF8195A004ECDD4 /* fifo.h in Headers */,
				E5B6F97A1EF81A0F004ECDD4 /* ijksdl_log.h in Headers */,
				E5B6F8B31EF8195A004ECDD4 /* videosink.h in Headers */,
				E5B6F97F1EF81A0F004ECDD4 /* ijksdl_stdinc.h in Headers */,
				E5B6F8F61EF819D6004ECDD4 /* config.h in Headers */,
				E5B6F9181EF819D6004ECDD4 /* version.h in Headers */,
				E55AD5ED1F726DDA0041C09A /* IJKFFMoviePlayerController.h in Headers */,
				E5B6F8C41EF8195A004ECDD4 /* IJKSDLAudioKit.h in Headers */,
				E5B6F9111EF819D6004ECDD4 /* ijkplayer_internal.h in Headers */,
				E5B6F89E1EF8195A004ECDD4 /* bufchan.h in Headers */,
				E5B6F8291EF811ED004ECDD4 /* IJKKVOController.h in Headers */,
				E5B6F8B11EF8195A004ECDD4 /* viddec.h in Headers */,
				E5B6F8991EF8195A004ECDD4 /* ijkplayer_ios.h in Headers */,
				E5B6F8251EF811ED004ECDD4 /* IJKAudioKit.h in Headers */,
				E5B6F95B1EF81A0F004ECDD4 /* ijksdl_vout_overlay_ffmpeg.h in Headers */,
				E5B6F8271EF811ED004ECDD4 /* IJKDeviceModel.h in Headers */,
				E5B6F8B91EF8195A004ECDD4 /* IJKVideoToolBox.h in Headers */,
				E5B6F8FA1EF819D6004ECDD4 /* ff_ffinc.h in Headers */,
				E5B6F8B51EF8195A004ECDD4 /* ffpipeline_ios.h in Headers */,
				E5B6F9131EF819D6004ECDD4 /* ijkplayer.h in Headers */,
				E5B6F9171EF819D6004ECDD4 /* ffpipenode_ffplay_vdec.h in Headers */,
				E5B6F9811EF81A0F004ECDD4 /* ijksdl_thread.h in Headers */,
				E5B6F96B1EF81A0F004ECDD4 /* ijksdl_aout_internal.h in Headers */,
				E5B6F8A51EF8195A004ECDD4 /* netio.h in Headers */,
				E5B6F8C21EF8195A004ECDD4 /* ijksdl_vout_overlay_videotoolbox.h in Headers */,
				E55AD5E41F7258750041C09A /* ijk_ffplay_decoder.h in Headers */,
				E5B6F8971EF8195A004ECDD4 /* IJKFFOptions.h in Headers */,
				E5B6F8FC1EF819D6004ECDD4 /* ff_ffmsg.h in Headers */,
				E5B6F82D1EF811ED004ECDD4 /* IJKMediaPlayback.h in Headers */,
				E5B6F8AB1EF8195A004ECDD4 /* rtspsink.h in Headers */,
				E5B6F9541EF81A0F004ECDD4 /* ijksdl_dummy.h in Headers */,
				E5B6F96D1EF81A0F004ECDD4 /* ijksdl_aout.h in Headers */,
				E5B6F89C1EF8195A004ECDD4 /* avqueue.h in Headers */,
				E5B6F8C01EF8195A004ECDD4 /* ijksdl_vout_ios_gles2.h in Headers */,
				E5B6F8341EF811ED004ECDD4 /* NSString+IJKMedia.h in Headers */,
				E5B6F8AD1EF8195A004ECDD4 /* tcpsink.h in Headers */,
				E5B6F9841EF81A0F004ECDD4 /* ijksdl_video.h in Headers */,
				E5B6F9761EF81A0F004ECDD4 /* ijksdl_error.h in Headers */,
				E51F3D6A1EF2753F00B1B201 /* ijkversion.h in Headers */,
				E5B6F9711EF81A0F004ECDD4 /* ijksdl_container.h in Headers */,
				E5B6F97D1EF81A0F004ECDD4 /* ijksdl_mutex.h in Headers */,
				E5B6F8BB1EF8195A004ECDD4 /* ijksdl_aout_ios_audiounit.h in Headers */,
				E5B6F8F91EF819D6004ECDD4 /* ff_fferror.h in Headers */,
				E5B6F9771EF81A0F004ECDD4 /* ijksdl_fourcc.h in Headers */,
				E5B6F9781EF81A0F004ECDD4 /* ijksdl_gles2.h in Headers */,
			);
			runOnlyForDeploymentPostprocessing = 0;
		};
/* End PBXHeadersBuildPhase section */

/* Begin PBXNativeTarget section */
		E5580AD01EEC0C87001BEA47 /* IJKMediaPlayer */ = {
			isa = PBXNativeTarget;
			buildConfigurationList = E5580AE51EEC0C87001BEA47 /* Build configuration list for PBXNativeTarget "IJKMediaPlayer" */;
			buildPhases = (
				E5580ACC1EEC0C87001BEA47 /* Sources */,
				E5580ACD1EEC0C87001BEA47 /* Frameworks */,
				E5580ACE1EEC0C87001BEA47 /* Headers */,
				E5580ACF1EEC0C87001BEA47 /* Resources */,
			);
			buildRules = (
			);
			dependencies = (
			);
			name = IJKMediaPlayer;
			productName = IJKMediaPlayer;
			productReference = E5580AD11EEC0C87001BEA47 /* IJKMediaPlayer.framework */;
			productType = "com.apple.product-type.framework";
		};
		E5580AD91EEC0C87001BEA47 /* IJKMediaPlayerTests */ = {
			isa = PBXNativeTarget;
			buildConfigurationList = E5580AE81EEC0C87001BEA47 /* Build configuration list for PBXNativeTarget "IJKMediaPlayerTests" */;
			buildPhases = (
				E5580AD61EEC0C87001BEA47 /* Sources */,
				E5580AD71EEC0C87001BEA47 /* Frameworks */,
				E5580AD81EEC0C87001BEA47 /* Resources */,
			);
			buildRules = (
			);
			dependencies = (
				E5580ADD1EEC0C87001BEA47 /* PBXTargetDependency */,
			);
			name = IJKMediaPlayerTests;
			productName = IJKMediaPlayerTests;
			productReference = E5580ADA1EEC0C87001BEA47 /* IJKMediaPlayerTests.xctest */;
			productType = "com.apple.product-type.bundle.unit-test";
		};
/* End PBXNativeTarget section */

/* Begin PBXProject section */
		E5580AC81EEC0C87001BEA47 /* Project object */ = {
			isa = PBXProject;
			attributes = {
				LastUpgradeCheck = 0830;
				ORGANIZATIONNAME = detu;
				TargetAttributes = {
					E5580AD01EEC0C87001BEA47 = {
						CreatedOnToolsVersion = 8.3.3;
						DevelopmentTeam = YS5EJK97LA;
						ProvisioningStyle = Automatic;
					};
					E5580AD91EEC0C87001BEA47 = {
						CreatedOnToolsVersion = 8.3.3;
						DevelopmentTeam = YS5EJK97LA;
						ProvisioningStyle = Automatic;
					};
				};
			};
			buildConfigurationList = E5580ACB1EEC0C87001BEA47 /* Build configuration list for PBXProject "IJKMediaPlayer" */;
			compatibilityVersion = "Xcode 3.2";
			developmentRegion = English;
			hasScannedForEncodings = 0;
			knownRegions = (
				en,
			);
			mainGroup = E5580AC71EEC0C87001BEA47;
			productRefGroup = E5580AD21EEC0C87001BEA47 /* Products */;
			projectDirPath = "";
			projectRoot = "";
			targets = (
				E5580AD01EEC0C87001BEA47 /* IJKMediaPlayer */,
				E5580AD91EEC0C87001BEA47 /* IJKMediaPlayerTests */,
			);
		};
/* End PBXProject section */

/* Begin PBXResourcesBuildPhase section */
		E5580ACF1EEC0C87001BEA47 /* Resources */ = {
			isa = PBXResourcesBuildPhase;
			buildActionMask = 2147483647;
			files = (
			);
			runOnlyForDeploymentPostprocessing = 0;
		};
		E5580AD81EEC0C87001BEA47 /* Resources */ = {
			isa = PBXResourcesBuildPhase;
			buildActionMask = 2147483647;
			files = (
			);
			runOnlyForDeploymentPostprocessing = 0;
		};
/* End PBXResourcesBuildPhase section */

/* Begin PBXSourcesBuildPhase section */
		E5580ACC1EEC0C87001BEA47 /* Sources */ = {
			isa = PBXSourcesBuildPhase;
			buildActionMask = 2147483647;
			files = (
				E5B6F9161EF819D6004ECDD4 /* ffpipenode_ffplay_vdec.c in Sources */,
				E5B6F8261EF811ED004ECDD4 /* IJKAudioKit.m in Sources */,
				E5B6F8281EF811ED004ECDD4 /* IJKDeviceModel.m in Sources */,
				E5B6F8961EF8195A004ECDD4 /* IJKFFMoviePlayerDef.m in Sources */,
				E5B6F8A61EF8195A004ECDD4 /* queue.c in Sources */,
				E5B6F8FF1EF819D6004ECDD4 /* ff_ffpipenode.c in Sources */,
				E5B6F8FD1EF819D6004ECDD4 /* ff_ffpipeline.c in Sources */,
				E5B6F96E1EF81A0F004ECDD4 /* ijksdl_audio.c in Sources */,
				E5B6F8B41EF8195A004ECDD4 /* ffpipeline_ios.c in Sources */,
				E5B6F9091EF819D6004ECDD4 /* ijklivehook.c in Sources */,
				E5B6F89B1EF8195A004ECDD4 /* avqueue.c in Sources */,
				E5B6F8A41EF8195A004ECDD4 /* netio.c in Sources */,
				E5B6F8BA1EF8195A004ECDD4 /* IJKVideoToolBox.m in Sources */,
				E5B6F9801EF81A0F004ECDD4 /* ijksdl_thread.c in Sources */,
				E5B6F8311EF811ED004ECDD4 /* IJKMediaUtils.m in Sources */,
				E5B6F9821EF81A0F004ECDD4 /* ijksdl_timer.c in Sources */,
				E5B6F9721EF81A0F004ECDD4 /* ijksdl_egl.c in Sources */,
				E5B6F9861EF81A0F004ECDD4 /* ijksdl_vout.c in Sources */,
				E5B6F97E1EF81A0F004ECDD4 /* ijksdl_stdinc.c in Sources */,
				E55AD5E51F7258750041C09A /* ijk_ffplay_decoder.mm in Sources */,
				E5B6F8AA1EF8195A004ECDD4 /* rtspsink.c in Sources */,
				E5B6F90A1EF819D6004ECDD4 /* ijklongurl.c in Sources */,
				E5B6F90F1EF819D6004ECDD4 /* ijkmeta.c in Sources */,
				E5B6F95A1EF81A0F004ECDD4 /* ijksdl_vout_overlay_ffmpeg.c in Sources */,
				E5B6F90C1EF819D6004ECDD4 /* ijksegment.c in Sources */,
				E5B6F8331EF811ED004ECDD4 /* IJKNotificationManager.m in Sources */,
				E5B6F8C31EF8195A004ECDD4 /* ijksdl_vout_overlay_videotoolbox.m in Sources */,
				E5B6F8C11EF8195A004ECDD4 /* ijksdl_vout_ios_gles2.m in Sources */,
				E5B6F8921EF8195A004ECDD4 /* IJKFFMonitor.m in Sources */,
				E5B6F82C1EF811ED004ECDD4 /* IJKMediaModule.m in Sources */,
				E5B6F8A11EF8195A004ECDD4 /* fifo.c in Sources */,
				E5B6F89A1EF8195A004ECDD4 /* ijkplayer_ios.m in Sources */,
				E5B6F9071EF819D6004ECDD4 /* ijkasync.c in Sources */,
				E5B6F9571EF81A0F004ECDD4 /* image_convert.c in Sources */,
				E5B6F8F71EF819D6004ECDD4 /* ff_cmdutils.c in Sources */,
				E5B6F8A81EF8195A004ECDD4 /* rtspdec.c in Sources */,
				E5B6F90B1EF819D6004ECDD4 /* ijkmediadatasource.c in Sources */,
				E5B6F82E1EF811ED004ECDD4 /* IJKMediaPlayback.m in Sources */,
				E5B6F8BF1EF8195A004ECDD4 /* ijksdl_thread_ios.m in Sources */,
				E5B6F97C1EF81A0F004ECDD4 /* ijksdl_mutex.c in Sources */,
				E5B6F9751EF81A0F004ECDD4 /* ijksdl_error.c in Sources */,
				E5B6F90D1EF819D6004ECDD4 /* ijkurlhook.c in Sources */,
				E5B6F96C1EF81A0F004ECDD4 /* ijksdl_aout.c in Sources */,
				E5B6F8C71EF8195A004ECDD4 /* IJKSDLAudioQueueController.m in Sources */,
				E5B6F9061EF819D6004ECDD4 /* allformats.c in Sources */,
				E5B6F8AC1EF8195A004ECDD4 /* tcpsink.c in Sources */,
				E5B6F8C51EF8195A004ECDD4 /* IJKSDLAudioKit.m in Sources */,
				E5B6F89F1EF8195A004ECDD4 /* decode.c in Sources */,
				E5B6F9121EF819D6004ECDD4 /* ijkplayer.c in Sources */,
				E5B6F9041EF819D6004ECDD4 /* ff_ffplay.c in Sources */,
				E5B6F89D1EF8195A004ECDD4 /* bufchan.c in Sources */,
				E55AD5EE1F726DDA0041C09A /* IJKFFMoviePlayerController.m in Sources */,
				E5B6F9551EF81A0F004ECDD4 /* ijksdl_vout_dummy.c in Sources */,
				E5B6F8B71EF8195A004ECDD4 /* ffpipenode_ios_videotoolbox_vdec.m in Sources */,
				E5B6F8B21EF8195A004ECDD4 /* videosink.c in Sources */,
				E5B6F8AE1EF8195A004ECDD4 /* url.c in Sources */,
				E5B6F8351EF811ED004ECDD4 /* NSString+IJKMedia.m in Sources */,
				E5B6F8C91EF8195A004ECDD4 /* IJKSDLAudioUnitController.m in Sources */,
				E5B6F82A1EF811ED004ECDD4 /* IJKKVOController.m in Sources */,
				E5B6F8B01EF8195A004ECDD4 /* viddec.c in Sources */,
				E5B6F8BC1EF8195A004ECDD4 /* ijksdl_aout_ios_audiounit.m in Sources */,
				E5B6F8981EF8195A004ECDD4 /* IJKFFOptions.m in Sources */,
				E5B6F9141EF819D6004ECDD4 /* ffpipeline_ffplay.c in Sources */,
			);
			runOnlyForDeploymentPostprocessing = 0;
		};
		E5580AD61EEC0C87001BEA47 /* Sources */ = {
			isa = PBXSourcesBuildPhase;
			buildActionMask = 2147483647;
			files = (
				E5580AE01EEC0C87001BEA47 /* IJKMediaPlayerTests.m in Sources */,
			);
			runOnlyForDeploymentPostprocessing = 0;
		};
/* End PBXSourcesBuildPhase section */

/* Begin PBXTargetDependency section */
		E5580ADD1EEC0C87001BEA47 /* PBXTargetDependency */ = {
			isa = PBXTargetDependency;
			target = E5580AD01EEC0C87001BEA47 /* IJKMediaPlayer */;
			targetProxy = E5580ADC1EEC0C87001BEA47 /* PBXContainerItemProxy */;
		};
/* End PBXTargetDependency section */

/* Begin XCBuildConfiguration section */
		E5580AE31EEC0C87001BEA47 /* Debug */ = {
			isa = XCBuildConfiguration;
			buildSettings = {
				ALWAYS_SEARCH_USER_PATHS = NO;
				CLANG_ANALYZER_NONNULL = YES;
				CLANG_ANALYZER_NUMBER_OBJECT_CONVERSION = YES_AGGRESSIVE;
				CLANG_CXX_LANGUAGE_STANDARD = "gnu++0x";
				CLANG_CXX_LIBRARY = "libc++";
				CLANG_ENABLE_MODULES = YES;
				CLANG_ENABLE_OBJC_ARC = YES;
				CLANG_WARN_BOOL_CONVERSION = YES;
				CLANG_WARN_CONSTANT_CONVERSION = YES;
				CLANG_WARN_DIRECT_OBJC_ISA_USAGE = YES_ERROR;
				CLANG_WARN_DOCUMENTATION_COMMENTS = YES;
				CLANG_WARN_EMPTY_BODY = YES;
				CLANG_WARN_ENUM_CONVERSION = YES;
				CLANG_WARN_INFINITE_RECURSION = YES;
				CLANG_WARN_INT_CONVERSION = YES;
				CLANG_WARN_OBJC_ROOT_CLASS = YES_ERROR;
				CLANG_WARN_SUSPICIOUS_MOVE = YES;
				CLANG_WARN_UNREACHABLE_CODE = YES;
				CLANG_WARN__DUPLICATE_METHOD_MATCH = YES;
				CODE_SIGN_IDENTITY = "-";
				COPY_PHASE_STRIP = NO;
				CURRENT_PROJECT_VERSION = 1;
				DEBUG_INFORMATION_FORMAT = dwarf;
				ENABLE_STRICT_OBJC_MSGSEND = YES;
				ENABLE_TESTABILITY = YES;
				GCC_C_LANGUAGE_STANDARD = gnu99;
				GCC_DYNAMIC_NO_PIC = NO;
				GCC_NO_COMMON_BLOCKS = YES;
				GCC_OPTIMIZATION_LEVEL = 0;
				GCC_PREPROCESSOR_DEFINITIONS = (
					"DEBUG=1",
					"$(inherited)",
				);
				GCC_WARN_64_TO_32_BIT_CONVERSION = YES;
				GCC_WARN_ABOUT_RETURN_TYPE = YES_ERROR;
				GCC_WARN_UNDECLARED_SELECTOR = YES;
				GCC_WARN_UNINITIALIZED_AUTOS = YES_AGGRESSIVE;
				GCC_WARN_UNUSED_FUNCTION = YES;
				GCC_WARN_UNUSED_VARIABLE = YES;
				MACOSX_DEPLOYMENT_TARGET = 10.12;
				MTL_ENABLE_DEBUG_INFO = YES;
				ONLY_ACTIVE_ARCH = YES;
				SDKROOT = macosx;
				VERSIONING_SYSTEM = "apple-generic";
				VERSION_INFO_PREFIX = "";
			};
			name = Debug;
		};
		E5580AE41EEC0C87001BEA47 /* Release */ = {
			isa = XCBuildConfiguration;
			buildSettings = {
				ALWAYS_SEARCH_USER_PATHS = NO;
				CLANG_ANALYZER_NONNULL = YES;
				CLANG_ANALYZER_NUMBER_OBJECT_CONVERSION = YES_AGGRESSIVE;
				CLANG_CXX_LANGUAGE_STANDARD = "gnu++0x";
				CLANG_CXX_LIBRARY = "libc++";
				CLANG_ENABLE_MODULES = YES;
				CLANG_ENABLE_OBJC_ARC = YES;
				CLANG_WARN_BOOL_CONVERSION = YES;
				CLANG_WARN_CONSTANT_CONVERSION = YES;
				CLANG_WARN_DIRECT_OBJC_ISA_USAGE = YES_ERROR;
				CLANG_WARN_DOCUMENTATION_COMMENTS = YES;
				CLANG_WARN_EMPTY_BODY = YES;
				CLANG_WARN_ENUM_CONVERSION = YES;
				CLANG_WARN_INFINITE_RECURSION = YES;
				CLANG_WARN_INT_CONVERSION = YES;
				CLANG_WARN_OBJC_ROOT_CLASS = YES_ERROR;
				CLANG_WARN_SUSPICIOUS_MOVE = YES;
				CLANG_WARN_UNREACHABLE_CODE = YES;
				CLANG_WARN__DUPLICATE_METHOD_MATCH = YES;
				CODE_SIGN_IDENTITY = "-";
				COPY_PHASE_STRIP = NO;
				CURRENT_PROJECT_VERSION = 1;
				DEBUG_INFORMATION_FORMAT = "dwarf-with-dsym";
				ENABLE_NS_ASSERTIONS = NO;
				ENABLE_STRICT_OBJC_MSGSEND = YES;
				GCC_C_LANGUAGE_STANDARD = gnu99;
				GCC_NO_COMMON_BLOCKS = YES;
				GCC_WARN_64_TO_32_BIT_CONVERSION = YES;
				GCC_WARN_ABOUT_RETURN_TYPE = YES_ERROR;
				GCC_WARN_UNDECLARED_SELECTOR = YES;
				GCC_WARN_UNINITIALIZED_AUTOS = YES_AGGRESSIVE;
				GCC_WARN_UNUSED_FUNCTION = YES;
				GCC_WARN_UNUSED_VARIABLE = YES;
				MACOSX_DEPLOYMENT_TARGET = 10.12;
				MTL_ENABLE_DEBUG_INFO = NO;
				SDKROOT = macosx;
				VERSIONING_SYSTEM = "apple-generic";
				VERSION_INFO_PREFIX = "";
			};
			name = Release;
		};
		E5580AE61EEC0C87001BEA47 /* Debug */ = {
			isa = XCBuildConfiguration;
			buildSettings = {
				CODE_SIGN_IDENTITY = "";
				COMBINE_HIDPI_IMAGES = YES;
				DEFINES_MODULE = YES;
				DEVELOPMENT_TEAM = YS5EJK97LA;
				DYLIB_COMPATIBILITY_VERSION = 1;
				DYLIB_CURRENT_VERSION = 1;
				DYLIB_INSTALL_NAME_BASE = "@rpath";
				FRAMEWORK_VERSION = A;
				HEADER_SEARCH_PATHS = (
					../../ijkmedia,
					../library,
					IJKMediaPlayer/ijkmedia,
				);
				INFOPLIST_FILE = IJKMediaPlayer/Info.plist;
				INSTALL_PATH = "$(LOCAL_LIBRARY_DIR)/Frameworks";
				LD_RUNPATH_SEARCH_PATHS = "$(inherited) @executable_path/../Frameworks @loader_path/Frameworks";
				MACH_O_TYPE = staticlib;
				PRODUCT_BUNDLE_IDENTIFIER = com.detu.IJKMediaPlayer;
				PRODUCT_NAME = "$(TARGET_NAME)";
				SKIP_INSTALL = YES;
			};
			name = Debug;
		};
		E5580AE71EEC0C87001BEA47 /* Release */ = {
			isa = XCBuildConfiguration;
			buildSettings = {
				CODE_SIGN_IDENTITY = "";
				COMBINE_HIDPI_IMAGES = YES;
				DEFINES_MODULE = YES;
				DEVELOPMENT_TEAM = YS5EJK97LA;
				DYLIB_COMPATIBILITY_VERSION = 1;
				DYLIB_CURRENT_VERSION = 1;
				DYLIB_INSTALL_NAME_BASE = "@rpath";
				FRAMEWORK_VERSION = A;
				HEADER_SEARCH_PATHS = (
					../../ijkmedia,
					../library,
					IJKMediaPlayer/ijkmedia,
				);
				INFOPLIST_FILE = IJKMediaPlayer/Info.plist;
				INSTALL_PATH = "$(LOCAL_LIBRARY_DIR)/Frameworks";
				LD_RUNPATH_SEARCH_PATHS = "$(inherited) @executable_path/../Frameworks @loader_path/Frameworks";
				MACH_O_TYPE = staticlib;
				PRODUCT_BUNDLE_IDENTIFIER = com.detu.IJKMediaPlayer;
				PRODUCT_NAME = "$(TARGET_NAME)";
				SKIP_INSTALL = YES;
			};
			name = Release;
		};
		E5580AE91EEC0C87001BEA47 /* Debug */ = {
			isa = XCBuildConfiguration;
			buildSettings = {
				COMBINE_HIDPI_IMAGES = YES;
				DEVELOPMENT_TEAM = YS5EJK97LA;
				INFOPLIST_FILE = IJKMediaPlayerTests/Info.plist;
				LD_RUNPATH_SEARCH_PATHS = "$(inherited) @executable_path/../Frameworks @loader_path/../Frameworks";
				PRODUCT_BUNDLE_IDENTIFIER = com.detu.IJKMediaPlayerTests;
				PRODUCT_NAME = "$(TARGET_NAME)";
			};
			name = Debug;
		};
		E5580AEA1EEC0C87001BEA47 /* Release */ = {
			isa = XCBuildConfiguration;
			buildSettings = {
				COMBINE_HIDPI_IMAGES = YES;
				DEVELOPMENT_TEAM = YS5EJK97LA;
				INFOPLIST_FILE = IJKMediaPlayerTests/Info.plist;
				LD_RUNPATH_SEARCH_PATHS = "$(inherited) @executable_path/../Frameworks @loader_path/../Frameworks";
				PRODUCT_BUNDLE_IDENTIFIER = com.detu.IJKMediaPlayerTests;
				PRODUCT_NAME = "$(TARGET_NAME)";
			};
			name = Release;
		};
/* End XCBuildConfiguration section */

/* Begin XCConfigurationList section */
		E5580ACB1EEC0C87001BEA47 /* Build configuration list for PBXProject "IJKMediaPlayer" */ = {
			isa = XCConfigurationList;
			buildConfigurations = (
				E5580AE31EEC0C87001BEA47 /* Debug */,
				E5580AE41EEC0C87001BEA47 /* Release */,
			);
			defaultConfigurationIsVisible = 0;
			defaultConfigurationName = Release;
		};
		E5580AE51EEC0C87001BEA47 /* Build configuration list for PBXNativeTarget "IJKMediaPlayer" */ = {
			isa = XCConfigurationList;
			buildConfigurations = (
				E5580AE61EEC0C87001BEA47 /* Debug */,
				E5580AE71EEC0C87001BEA47 /* Release */,
			);
			defaultConfigurationIsVisible = 0;
			defaultConfigurationName = Release;
		};
		E5580AE81EEC0C87001BEA47 /* Build configuration list for PBXNativeTarget "IJKMediaPlayerTests" */ = {
			isa = XCConfigurationList;
			buildConfigurations = (
				E5580AE91EEC0C87001BEA47 /* Debug */,
				E5580AEA1EEC0C87001BEA47 /* Release */,
			);
			defaultConfigurationIsVisible = 0;
			defaultConfigurationName = Release;
		};
/* End XCConfigurationList section */
	};
	rootObject = E5580AC81EEC0C87001BEA47 /* Project object */;
}
