// !$*UTF8*$!
{
	archiveVersion = 1;
	classes = {
	};
	objectVersion = 46;
	objects = {

/* Begin PBXBuildFile section */
		E521C0B91F7A10AF009CB14F /* libstdc++.tbd in Frameworks */ = {isa = PBXBuildFile; fileRef = E521C0B81F7A10AF009CB14F /* libstdc++.tbd */; };
		E5555DAA1EFF911B006B619B /* MainMenu.xib in Resources */ = {isa = PBXBuildFile; fileRef = E5555DA81EFF911B006B619B /* MainMenu.xib */; };
		E5580AF91EEC0CD8001BEA47 /* AppDelegate.m in Sources */ = {isa = PBXBuildFile; fileRef = E5580AF81EEC0CD8001BEA47 /* AppDelegate.m */; };
		E5580AFC1EEC0CD8001BEA47 /* main.m in Sources */ = {isa = PBXBuildFile; fileRef = E5580AFB1EEC0CD8001BEA47 /* main.m */; };
		E5580AFF1EEC0CD8001BEA47 /* ViewController.m in Sources */ = {isa = PBXBuildFile; fileRef = E5580AFE1EEC0CD8001BEA47 /* ViewController.m */; };
		E5580B011EEC0CD8001BEA47 /* Assets.xcassets in Resources */ = {isa = PBXBuildFile; fileRef = E5580B001EEC0CD8001BEA47 /* Assets.xcassets */; };
		E5580B041EEC0CD8001BEA47 /* Main.storyboard in Resources */ = {isa = PBXBuildFile; fileRef = E5580B021EEC0CD8001BEA47 /* Main.storyboard */; };
		E5580B0F1EEC0CD8001BEA47 /* IJKMediaDemoTests.m in Sources */ = {isa = PBXBuildFile; fileRef = E5580B0E1EEC0CD8001BEA47 /* IJKMediaDemoTests.m */; };
		E5580B1A1EEC0CD8001BEA47 /* IJKMediaDemoUITests.m in Sources */ = {isa = PBXBuildFile; fileRef = E5580B191EEC0CD8001BEA47 /* IJKMediaDemoUITests.m */; };
		E5580B321EEC0D06001BEA47 /* IJKMediaPlayer.framework in Frameworks */ = {isa = PBXBuildFile; fileRef = E5580B2D1EEC0CE7001BEA47 /* IJKMediaPlayer.framework */; };
		E5580B361EEC0F91001BEA47 /* GLKit.framework in Frameworks */ = {isa = PBXBuildFile; fileRef = E5580B351EEC0F91001BEA47 /* GLKit.framework */; };
		E5580B381EEC0FA4001BEA47 /* AudioToolbox.framework in Frameworks */ = {isa = PBXBuildFile; fileRef = E5580B371EEC0FA4001BEA47 /* AudioToolbox.framework */; };
		E5580B3A1EEC0FB2001BEA47 /* AVFoundation.framework in Frameworks */ = {isa = PBXBuildFile; fileRef = E5580B391EEC0FB2001BEA47 /* AVFoundation.framework */; };
		E5580B3E1EEC0FD1001BEA47 /* CoreGraphics.framework in Frameworks */ = {isa = PBXBuildFile; fileRef = E5580B3B1EEC0FD1001BEA47 /* CoreGraphics.framework */; };
		E5580B3F1EEC0FD1001BEA47 /* CoreMedia.framework in Frameworks */ = {isa = PBXBuildFile; fileRef = E5580B3C1EEC0FD1001BEA47 /* CoreMedia.framework */; };
		E5580B401EEC0FD1001BEA47 /* CoreVideo.framework in Frameworks */ = {isa = PBXBuildFile; fileRef = E5580B3D1EEC0FD1001BEA47 /* CoreVideo.framework */; };
		E5580B421EEC0FE8001BEA47 /* libbz2.tbd in Frameworks */ = {isa = PBXBuildFile; fileRef = E5580B411EEC0FE8001BEA47 /* libbz2.tbd */; };
		E5580B441EEC0FFE001BEA47 /* MediaPlayer.framework in Frameworks */ = {isa = PBXBuildFile; fileRef = E5580B431EEC0FFE001BEA47 /* MediaPlayer.framework */; };
		E5580B461EEC1012001BEA47 /* OpenGL.framework in Frameworks */ = {isa = PBXBuildFile; fileRef = E5580B451EEC1012001BEA47 /* OpenGL.framework */; };
		E5580B481EEC1021001BEA47 /* VideoToolbox.framework in Frameworks */ = {isa = PBXBuildFile; fileRef = E5580B471EEC1021001BEA47 /* VideoToolbox.framework */; };
		E5580B4A1EEC1028001BEA47 /* QuartzCore.framework in Frameworks */ = {isa = PBXBuildFile; fileRef = E5580B491EEC1028001BEA47 /* QuartzCore.framework */; };
		E55B0EF51EFE0B5F007E2E16 /* GLEssentialsGLView.m in Sources */ = {isa = PBXBuildFile; fileRef = E55B0EEB1EFE0B5F007E2E16 /* GLEssentialsGLView.m */; };
		E55B0EF61EFE0B5F007E2E16 /* GlFlatRender.m in Sources */ = {isa = PBXBuildFile; fileRef = E55B0EED1EFE0B5F007E2E16 /* GlFlatRender.m */; };
		E55B0EF71EFE0B5F007E2E16 /* GlRender.m in Sources */ = {isa = PBXBuildFile; fileRef = E55B0EEF1EFE0B5F007E2E16 /* GlRender.m */; };
		E55B0EF81EFE0B5F007E2E16 /* ProgramTools.m in Sources */ = {isa = PBXBuildFile; fileRef = E55B0EF21EFE0B5F007E2E16 /* ProgramTools.m */; };
		E55B0EF91EFE0B5F007E2E16 /* sphere.fsh in Resources */ = {isa = PBXBuildFile; fileRef = E55B0EF31EFE0B5F007E2E16 /* sphere.fsh */; };
		E55B0EFA1EFE0B5F007E2E16 /* sphere.vsh in Resources */ = {isa = PBXBuildFile; fileRef = E55B0EF41EFE0B5F007E2E16 /* sphere.vsh */; };
		E55B0EFF1EFE3092007E2E16 /* GLView.m in Sources */ = {isa = PBXBuildFile; fileRef = E55B0EFE1EFE3092007E2E16 /* GLView.m */; };
		E5B6F8371EF813CC004ECDD4 /* AudioUnit.framework in Frameworks */ = {isa = PBXBuildFile; fileRef = E5B6F8361EF813CC004ECDD4 /* AudioUnit.framework */; };
		E5B6F83A1EF813D6004ECDD4 /* CoreAudioKit.framework in Frameworks */ = {isa = PBXBuildFile; fileRef = E5B6F8391EF813D6004ECDD4 /* CoreAudioKit.framework */; };
		E5B6F83C1EF813E2004ECDD4 /* CoreAudio.framework in Frameworks */ = {isa = PBXBuildFile; fileRef = E5B6F83B1EF813E2004ECDD4 /* CoreAudio.framework */; };
		E5B6F9A01EF8E5C5004ECDD4 /* libavcodec.a in Frameworks */ = {isa = PBXBuildFile; fileRef = E5B6F9961EF8E568004ECDD4 /* libavcodec.a */; };
		E5B6F9A11EF8E5C5004ECDD4 /* libavdevice.a in Frameworks */ = {isa = PBXBuildFile; fileRef = E5B6F9971EF8E568004ECDD4 /* libavdevice.a */; };
		E5B6F9A21EF8E5C5004ECDD4 /* libavfilter.a in Frameworks */ = {isa = PBXBuildFile; fileRef = E5B6F9981EF8E568004ECDD4 /* libavfilter.a */; };
		E5B6F9A31EF8E5C5004ECDD4 /* libavformat.a in Frameworks */ = {isa = PBXBuildFile; fileRef = E5B6F9991EF8E568004ECDD4 /* libavformat.a */; };
		E5B6F9A41EF8E5C5004ECDD4 /* libavutil.a in Frameworks */ = {isa = PBXBuildFile; fileRef = E5B6F99A1EF8E568004ECDD4 /* libavutil.a */; };
		E5B6F9A51EF8E5C5004ECDD4 /* libglfw3.a in Frameworks */ = {isa = PBXBuildFile; fileRef = E51F3D6B1EF2795E00B1B201 /* libglfw3.a */; };
		E5B6F9A81EF8E5C6004ECDD4 /* libswresample.a in Frameworks */ = {isa = PBXBuildFile; fileRef = E5B6F9A61EF8E5C6004ECDD4 /* libswresample.a */; };
		E5B6F9A91EF8E5C6004ECDD4 /* libswscale.a in Frameworks */ = {isa = PBXBuildFile; fileRef = E5B6F9A71EF8E5C6004ECDD4 /* libswscale.a */; };
		E5B6F9AB1EF8E65C004ECDD4 /* libdz.tbd in Frameworks */ = {isa = PBXBuildFile; fileRef = E5B6F9AA1EF8E65C004ECDD4 /* libdz.tbd */; };
		E5B6F9AF1EF8E808004ECDD4 /* VideoDecodeAcceleration.framework in Frameworks */ = {isa = PBXBuildFile; fileRef = E5B6F9AE1EF8E808004ECDD4 /* VideoDecodeAcceleration.framework */; };
		E5B6F9B41EF8E891004ECDD4 /* libxml2.tbd in Frameworks */ = {isa = PBXBuildFile; fileRef = E5B6F9B31EF8E891004ECDD4 /* libxml2.tbd */; };
		E5B6F9B61EF8E900004ECDD4 /* libiconv.2.4.0.tbd in Frameworks */ = {isa = PBXBuildFile; fileRef = E5B6F9B51EF8E900004ECDD4 /* libiconv.2.4.0.tbd */; };
/* End PBXBuildFile section */

/* Begin PBXContainerItemProxy section */
		E5580B0B1EEC0CD8001BEA47 /* PBXContainerItemProxy */ = {
			isa = PBXContainerItemProxy;
			containerPortal = E5580AEC1EEC0CD8001BEA47 /* Project object */;
			proxyType = 1;
			remoteGlobalIDString = E5580AF31EEC0CD8001BEA47;
			remoteInfo = IJKMediaDemo;
		};
		E5580B161EEC0CD8001BEA47 /* PBXContainerItemProxy */ = {
			isa = PBXContainerItemProxy;
			containerPortal = E5580AEC1EEC0CD8001BEA47 /* Project object */;
			proxyType = 1;
			remoteGlobalIDString = E5580AF31EEC0CD8001BEA47;
			remoteInfo = IJKMediaDemo;
		};
		E5580B2C1EEC0CE7001BEA47 /* PBXContainerItemProxy */ = {
			isa = PBXContainerItemProxy;
			containerPortal = E5580B271EEC0CE7001BEA47 /* IJKMediaPlayer.xcodeproj */;
			proxyType = 2;
			remoteGlobalIDString = E5580AD11EEC0C87001BEA47;
			remoteInfo = IJKMediaPlayer;
		};
		E5580B2E1EEC0CE7001BEA47 /* PBXContainerItemProxy */ = {
			isa = PBXContainerItemProxy;
			containerPortal = E5580B271EEC0CE7001BEA47 /* IJKMediaPlayer.xcodeproj */;
			proxyType = 2;
			remoteGlobalIDString = E5580ADA1EEC0C87001BEA47;
			remoteInfo = IJKMediaPlayerTests;
		};
		E5580B301EEC0CFB001BEA47 /* PBXContainerItemProxy */ = {
			isa = PBXContainerItemProxy;
			containerPortal = E5580B271EEC0CE7001BEA47 /* IJKMediaPlayer.xcodeproj */;
			proxyType = 1;
			remoteGlobalIDString = E5580AD01EEC0C87001BEA47;
			remoteInfo = IJKMediaPlayer;
		};
/* End PBXContainerItemProxy section */

/* Begin PBXFileReference section */
		E51F3CE01EF24FFB00B1B201 /* libglfw3.a */ = {isa = PBXFileReference; lastKnownFileType = archive.ar; name = libglfw3.a; path = library/libglfw3.a; sourceTree = "<group>"; };
		E51F3D6B1EF2795E00B1B201 /* libglfw3.a */ = {isa = PBXFileReference; lastKnownFileType = archive.ar; name = libglfw3.a; path = ../library/libglfw3.a; sourceTree = "<group>"; };
		E521C0B81F7A10AF009CB14F /* libstdc++.tbd */ = {isa = PBXFileReference; lastKnownFileType = "sourcecode.text-based-dylib-definition"; name = "libstdc++.tbd"; path = "usr/lib/libstdc++.tbd"; sourceTree = SDKROOT; };
		E5555DA91EFF911B006B619B /* Base */ = {isa = PBXFileReference; lastKnownFileType = file.xib; name = Base; path = Base.lproj/MainMenu.xib; sourceTree = "<group>"; };
		E5580AF41EEC0CD8001BEA47 /* IJKMediaDemo.app */ = {isa = PBXFileReference; explicitFileType = wrapper.application; includeInIndex = 0; path = IJKMediaDemo.app; sourceTree = BUILT_PRODUCTS_DIR; };
		E5580AF71EEC0CD8001BEA47 /* AppDelegate.h */ = {isa = PBXFileReference; lastKnownFileType = sourcecode.c.h; path = AppDelegate.h; sourceTree = "<group>"; };
		E5580AF81EEC0CD8001BEA47 /* AppDelegate.m */ = {isa = PBXFileReference; lastKnownFileType = sourcecode.c.objc; path = AppDelegate.m; sourceTree = "<group>"; };
		E5580AFB1EEC0CD8001BEA47 /* main.m */ = {isa = PBXFileReference; lastKnownFileType = sourcecode.c.objc; path = main.m; sourceTree = "<group>"; };
		E5580AFD1EEC0CD8001BEA47 /* ViewController.h */ = {isa = PBXFileReference; lastKnownFileType = sourcecode.c.h; path = ViewController.h; sourceTree = "<group>"; };
		E5580AFE1EEC0CD8001BEA47 /* ViewController.m */ = {isa = PBXFileReference; lastKnownFileType = sourcecode.c.objc; path = ViewController.m; sourceTree = "<group>"; };
		E5580B001EEC0CD8001BEA47 /* Assets.xcassets */ = {isa = PBXFileReference; lastKnownFileType = folder.assetcatalog; path = Assets.xcassets; sourceTree = "<group>"; };
		E5580B031EEC0CD8001BEA47 /* Base */ = {isa = PBXFileReference; lastKnownFileType = file.storyboard; name = Base; path = Base.lproj/Main.storyboard; sourceTree = "<group>"; };
		E5580B051EEC0CD8001BEA47 /* Info.plist */ = {isa = PBXFileReference; lastKnownFileType = text.plist.xml; path = Info.plist; sourceTree = "<group>"; };
		E5580B0A1EEC0CD8001BEA47 /* IJKMediaDemoTests.xctest */ = {isa = PBXFileReference; explicitFileType = wrapper.cfbundle; includeInIndex = 0; path = IJKMediaDemoTests.xctest; sourceTree = BUILT_PRODUCTS_DIR; };
		E5580B0E1EEC0CD8001BEA47 /* IJKMediaDemoTests.m */ = {isa = PBXFileReference; lastKnownFileType = sourcecode.c.objc; path = IJKMediaDemoTests.m; sourceTree = "<group>"; };
		E5580B101EEC0CD8001BEA47 /* Info.plist */ = {isa = PBXFileReference; lastKnownFileType = text.plist.xml; path = Info.plist; sourceTree = "<group>"; };
		E5580B151EEC0CD8001BEA47 /* IJKMediaDemoUITests.xctest */ = {isa = PBXFileReference; explicitFileType = wrapper.cfbundle; includeInIndex = 0; path = IJKMediaDemoUITests.xctest; sourceTree = BUILT_PRODUCTS_DIR; };
		E5580B191EEC0CD8001BEA47 /* IJKMediaDemoUITests.m */ = {isa = PBXFileReference; lastKnownFileType = sourcecode.c.objc; path = IJKMediaDemoUITests.m; sourceTree = "<group>"; };
		E5580B1B1EEC0CD8001BEA47 /* Info.plist */ = {isa = PBXFileReference; lastKnownFileType = text.plist.xml; path = Info.plist; sourceTree = "<group>"; };
		E5580B271EEC0CE7001BEA47 /* IJKMediaPlayer.xcodeproj */ = {isa = PBXFileReference; lastKnownFileType = "wrapper.pb-project"; name = IJKMediaPlayer.xcodeproj; path = ../IJKMediaPlayer/IJKMediaPlayer.xcodeproj; sourceTree = "<group>"; };
		E5580B351EEC0F91001BEA47 /* GLKit.framework */ = {isa = PBXFileReference; lastKnownFileType = wrapper.framework; name = GLKit.framework; path = System/Library/Frameworks/GLKit.framework; sourceTree = SDKROOT; };
		E5580B371EEC0FA4001BEA47 /* AudioToolbox.framework */ = {isa = PBXFileReference; lastKnownFileType = wrapper.framework; name = AudioToolbox.framework; path = System/Library/Frameworks/AudioToolbox.framework; sourceTree = SDKROOT; };
		E5580B391EEC0FB2001BEA47 /* AVFoundation.framework */ = {isa = PBXFileReference; lastKnownFileType = wrapper.framework; name = AVFoundation.framework; path = System/Library/Frameworks/AVFoundation.framework; sourceTree = SDKROOT; };
		E5580B3B1EEC0FD1001BEA47 /* CoreGraphics.framework */ = {isa = PBXFileReference; lastKnownFileType = wrapper.framework; name = CoreGraphics.framework; path = System/Library/Frameworks/CoreGraphics.framework; sourceTree = SDKROOT; };
		E5580B3C1EEC0FD1001BEA47 /* CoreMedia.framework */ = {isa = PBXFileReference; lastKnownFileType = wrapper.framework; name = CoreMedia.framework; path = System/Library/Frameworks/CoreMedia.framework; sourceTree = SDKROOT; };
		E5580B3D1EEC0FD1001BEA47 /* CoreVideo.framework */ = {isa = PBXFileReference; lastKnownFileType = wrapper.framework; name = CoreVideo.framework; path = System/Library/Frameworks/CoreVideo.framework; sourceTree = SDKROOT; };
		E5580B411EEC0FE8001BEA47 /* libbz2.tbd */ = {isa = PBXFileReference; lastKnownFileType = "sourcecode.text-based-dylib-definition"; name = libbz2.tbd; path = usr/lib/libbz2.tbd; sourceTree = SDKROOT; };
		E5580B431EEC0FFE001BEA47 /* MediaPlayer.framework */ = {isa = PBXFileReference; lastKnownFileType = wrapper.framework; name = MediaPlayer.framework; path = System/Library/Frameworks/MediaPlayer.framework; sourceTree = SDKROOT; };
		E5580B451EEC1012001BEA47 /* OpenGL.framework */ = {isa = PBXFileReference; lastKnownFileType = wrapper.framework; name = OpenGL.framework; path = System/Library/Frameworks/OpenGL.framework; sourceTree = SDKROOT; };
		E5580B471EEC1021001BEA47 /* VideoToolbox.framework */ = {isa = PBXFileReference; lastKnownFileType = wrapper.framework; name = VideoToolbox.framework; path = System/Library/Frameworks/VideoToolbox.framework; sourceTree = SDKROOT; };
		E5580B491EEC1028001BEA47 /* QuartzCore.framework */ = {isa = PBXFileReference; lastKnownFileType = wrapper.framework; name = QuartzCore.framework; path = System/Library/Frameworks/QuartzCore.framework; sourceTree = SDKROOT; };
		E55B0EEA1EFE0B5F007E2E16 /* GLEssentialsGLView.h */ = {isa = PBXFileReference; fileEncoding = 4; lastKnownFileType = sourcecode.c.h; path = GLEssentialsGLView.h; sourceTree = "<group>"; };
		E55B0EEB1EFE0B5F007E2E16 /* GLEssentialsGLView.m */ = {isa = PBXFileReference; fileEncoding = 4; lastKnownFileType = sourcecode.c.objc; path = GLEssentialsGLView.m; sourceTree = "<group>"; };
		E55B0EEC1EFE0B5F007E2E16 /* GlFlatRender.h */ = {isa = PBXFileReference; fileEncoding = 4; lastKnownFileType = sourcecode.c.h; path = GlFlatRender.h; sourceTree = "<group>"; };
		E55B0EED1EFE0B5F007E2E16 /* GlFlatRender.m */ = {isa = PBXFileReference; fileEncoding = 4; lastKnownFileType = sourcecode.c.objc; path = GlFlatRender.m; sourceTree = "<group>"; };
		E55B0EEE1EFE0B5F007E2E16 /* GlRender.h */ = {isa = PBXFileReference; fileEncoding = 4; lastKnownFileType = sourcecode.c.h; path = GlRender.h; sourceTree = "<group>"; };
		E55B0EEF1EFE0B5F007E2E16 /* GlRender.m */ = {isa = PBXFileReference; fileEncoding = 4; lastKnownFileType = sourcecode.c.objc; path = GlRender.m; sourceTree = "<group>"; };
		E55B0EF01EFE0B5F007E2E16 /* glUtil.h */ = {isa = PBXFileReference; fileEncoding = 4; lastKnownFileType = sourcecode.c.h; path = glUtil.h; sourceTree = "<group>"; };
		E55B0EF11EFE0B5F007E2E16 /* ProgramTools.h */ = {isa = PBXFileReference; fileEncoding = 4; lastKnownFileType = sourcecode.c.h; path = ProgramTools.h; sourceTree = "<group>"; };
		E55B0EF21EFE0B5F007E2E16 /* ProgramTools.m */ = {isa = PBXFileReference; fileEncoding = 4; lastKnownFileType = sourcecode.c.objc; path = ProgramTools.m; sourceTree = "<group>"; };
		E55B0EF31EFE0B5F007E2E16 /* sphere.fsh */ = {isa = PBXFileReference; fileEncoding = 4; lastKnownFileType = sourcecode.glsl; path = sphere.fsh; sourceTree = "<group>"; };
		E55B0EF41EFE0B5F007E2E16 /* sphere.vsh */ = {isa = PBXFileReference; fileEncoding = 4; lastKnownFileType = sourcecode.glsl; path = sphere.vsh; sourceTree = "<group>"; };
		E55B0EFD1EFE3092007E2E16 /* GLView.h */ = {isa = PBXFileReference; fileEncoding = 4; lastKnownFileType = sourcecode.c.h; path = GLView.h; sourceTree = "<group>"; };
		E55B0EFE1EFE3092007E2E16 /* GLView.m */ = {isa = PBXFileReference; fileEncoding = 4; lastKnownFileType = sourcecode.c.objc; path = GLView.m; sourceTree = "<group>"; };
		E5B6F8361EF813CC004ECDD4 /* AudioUnit.framework */ = {isa = PBXFileReference; lastKnownFileType = wrapper.framework; name = AudioUnit.framework; path = System/Library/Frameworks/AudioUnit.framework; sourceTree = SDKROOT; };
		E5B6F8391EF813D6004ECDD4 /* CoreAudioKit.framework */ = {isa = PBXFileReference; lastKnownFileType = wrapper.framework; name = CoreAudioKit.framework; path = System/Library/Frameworks/CoreAudioKit.framework; sourceTree = SDKROOT; };
		E5B6F83B1EF813E2004ECDD4 /* CoreAudio.framework */ = {isa = PBXFileReference; lastKnownFileType = wrapper.framework; name = CoreAudio.framework; path = System/Library/Frameworks/CoreAudio.framework; sourceTree = SDKROOT; };
		E5B6F9961EF8E568004ECDD4 /* libavcodec.a */ = {isa = PBXFileReference; lastKnownFileType = archive.ar; name = libavcodec.a; path = ../library/libavcodec.a; sourceTree = "<group>"; };
		E5B6F9971EF8E568004ECDD4 /* libavdevice.a */ = {isa = PBXFileReference; lastKnownFileType = archive.ar; name = libavdevice.a; path = ../library/libavdevice.a; sourceTree = "<group>"; };
		E5B6F9981EF8E568004ECDD4 /* libavfilter.a */ = {isa = PBXFileReference; lastKnownFileType = archive.ar; name = libavfilter.a; path = ../library/libavfilter.a; sourceTree = "<group>"; };
		E5B6F9991EF8E568004ECDD4 /* libavformat.a */ = {isa = PBXFileReference; lastKnownFileType = archive.ar; name = libavformat.a; path = ../library/libavformat.a; sourceTree = "<group>"; };
		E5B6F99A1EF8E568004ECDD4 /* libavutil.a */ = {isa = PBXFileReference; lastKnownFileType = archive.ar; name = libavutil.a; path = ../library/libavutil.a; sourceTree = "<group>"; };
		E5B6F9A61EF8E5C6004ECDD4 /* libswresample.a */ = {isa = PBXFileReference; lastKnownFileType = archive.ar; name = libswresample.a; path = ../library/libswresample.a; sourceTree = "<group>"; };
		E5B6F9A71EF8E5C6004ECDD4 /* libswscale.a */ = {isa = PBXFileReference; lastKnownFileType = archive.ar; name = libswscale.a; path = ../library/libswscale.a; sourceTree = "<group>"; };
		E5B6F9AA1EF8E65C004ECDD4 /* libdz.tbd */ = {isa = PBXFileReference; lastKnownFileType = "sourcecode.text-based-dylib-definition"; name = libdz.tbd; path = usr/lib/libdz.tbd; sourceTree = SDKROOT; };
		E5B6F9AC1EF8E702004ECDD4 /* libstdc++.6.tbd */ = {isa = PBXFileReference; lastKnownFileType = "sourcecode.text-based-dylib-definition"; name = "libstdc++.6.tbd"; path = "usr/lib/libstdc++.6.tbd"; sourceTree = SDKROOT; };
		E5B6F9AE1EF8E808004ECDD4 /* VideoDecodeAcceleration.framework */ = {isa = PBXFileReference; lastKnownFileType = wrapper.framework; name = VideoDecodeAcceleration.framework; path = System/Library/Frameworks/VideoDecodeAcceleration.framework; sourceTree = SDKROOT; };
		E5B6F9B31EF8E891004ECDD4 /* libxml2.tbd */ = {isa = PBXFileReference; lastKnownFileType = "sourcecode.text-based-dylib-definition"; name = libxml2.tbd; path = usr/lib/libxml2.tbd; sourceTree = SDKROOT; };
		E5B6F9B51EF8E900004ECDD4 /* libiconv.2.4.0.tbd */ = {isa = PBXFileReference; lastKnownFileType = "sourcecode.text-based-dylib-definition"; name = libiconv.2.4.0.tbd; path = usr/lib/libiconv.2.4.0.tbd; sourceTree = SDKROOT; };
/* End PBXFileReference section */

/* Begin PBXFrameworksBuildPhase section */
		E5580AF11EEC0CD8001BEA47 /* Frameworks */ = {
			isa = PBXFrameworksBuildPhase;
			buildActionMask = 2147483647;
			files = (
				E521C0B91F7A10AF009CB14F /* libstdc++.tbd in Frameworks */,
				E5B6F9B61EF8E900004ECDD4 /* libiconv.2.4.0.tbd in Frameworks */,
				E5B6F9B41EF8E891004ECDD4 /* libxml2.tbd in Frameworks */,
				E5B6F9AF1EF8E808004ECDD4 /* VideoDecodeAcceleration.framework in Frameworks */,
				E5B6F9AB1EF8E65C004ECDD4 /* libdz.tbd in Frameworks */,
				E5B6F9A81EF8E5C6004ECDD4 /* libswresample.a in Frameworks */,
				E5B6F9A91EF8E5C6004ECDD4 /* libswscale.a in Frameworks */,
				E5B6F9A01EF8E5C5004ECDD4 /* libavcodec.a in Frameworks */,
				E5B6F9A11EF8E5C5004ECDD4 /* libavdevice.a in Frameworks */,
				E5B6F9A21EF8E5C5004ECDD4 /* libavfilter.a in Frameworks */,
				E5B6F9A31EF8E5C5004ECDD4 /* libavformat.a in Frameworks */,
				E5B6F9A41EF8E5C5004ECDD4 /* libavutil.a in Frameworks */,
				E5B6F9A51EF8E5C5004ECDD4 /* libglfw3.a in Frameworks */,
				E5B6F83C1EF813E2004ECDD4 /* CoreAudio.framework in Frameworks */,
				E5B6F83A1EF813D6004ECDD4 /* CoreAudioKit.framework in Frameworks */,
				E5B6F8371EF813CC004ECDD4 /* AudioUnit.framework in Frameworks */,
				E5580B4A1EEC1028001BEA47 /* QuartzCore.framework in Frameworks */,
				E5580B481EEC1021001BEA47 /* VideoToolbox.framework in Frameworks */,
				E5580B461EEC1012001BEA47 /* OpenGL.framework in Frameworks */,
				E5580B441EEC0FFE001BEA47 /* MediaPlayer.framework in Frameworks */,
				E5580B421EEC0FE8001BEA47 /* libbz2.tbd in Frameworks */,
				E5580B3E1EEC0FD1001BEA47 /* CoreGraphics.framework in Frameworks */,
				E5580B3F1EEC0FD1001BEA47 /* CoreMedia.framework in Frameworks */,
				E5580B401EEC0FD1001BEA47 /* CoreVideo.framework in Frameworks */,
				E5580B3A1EEC0FB2001BEA47 /* AVFoundation.framework in Frameworks */,
				E5580B381EEC0FA4001BEA47 /* AudioToolbox.framework in Frameworks */,
				E5580B361EEC0F91001BEA47 /* GLKit.framework in Frameworks */,
				E5580B321EEC0D06001BEA47 /* IJKMediaPlayer.framework in Frameworks */,
			);
			runOnlyForDeploymentPostprocessing = 0;
		};
		E5580B071EEC0CD8001BEA47 /* Frameworks */ = {
			isa = PBXFrameworksBuildPhase;
			buildActionMask = 2147483647;
			files = (
			);
			runOnlyForDeploymentPostprocessing = 0;
		};
		E5580B121EEC0CD8001BEA47 /* Frameworks */ = {
			isa = PBXFrameworksBuildPhase;
			buildActionMask = 2147483647;
			files = (
			);
			runOnlyForDeploymentPostprocessing = 0;
		};
/* End PBXFrameworksBuildPhase section */

/* Begin PBXGroup section */
		E5580AEB1EEC0CD8001BEA47 = {
			isa = PBXGroup;
			children = (
				E5580B271EEC0CE7001BEA47 /* IJKMediaPlayer.xcodeproj */,
				E5580AF61EEC0CD8001BEA47 /* IJKMediaDemo */,
				E5580B0D1EEC0CD8001BEA47 /* IJKMediaDemoTests */,
				E5580B181EEC0CD8001BEA47 /* IJKMediaDemoUITests */,
				E5580AF51EEC0CD8001BEA47 /* Products */,
				E5580B341EEC0F91001BEA47 /* Frameworks */,
			);
			sourceTree = "<group>";
		};
		E5580AF51EEC0CD8001BEA47 /* Products */ = {
			isa = PBXGroup;
			children = (
				E5580AF41EEC0CD8001BEA47 /* IJKMediaDemo.app */,
				E5580B0A1EEC0CD8001BEA47 /* IJKMediaDemoTests.xctest */,
				E5580B151EEC0CD8001BEA47 /* IJKMediaDemoUITests.xctest */,
			);
			name = Products;
			sourceTree = "<group>";
		};
		E5580AF61EEC0CD8001BEA47 /* IJKMediaDemo */ = {
			isa = PBXGroup;
			children = (
				E5580AF71EEC0CD8001BEA47 /* AppDelegate.h */,
				E5580AF81EEC0CD8001BEA47 /* AppDelegate.m */,
				E55B0EEA1EFE0B5F007E2E16 /* GLEssentialsGLView.h */,
				E55B0EEB1EFE0B5F007E2E16 /* GLEssentialsGLView.m */,
				E55B0EEC1EFE0B5F007E2E16 /* GlFlatRender.h */,
				E55B0EFD1EFE3092007E2E16 /* GLView.h */,
				E55B0EFE1EFE3092007E2E16 /* GLView.m */,
				E55B0EED1EFE0B5F007E2E16 /* GlFlatRender.m */,
				E55B0EEE1EFE0B5F007E2E16 /* GlRender.h */,
				E55B0EEF1EFE0B5F007E2E16 /* GlRender.m */,
				E55B0EF01EFE0B5F007E2E16 /* glUtil.h */,
				E55B0EF11EFE0B5F007E2E16 /* ProgramTools.h */,
				E55B0EF21EFE0B5F007E2E16 /* ProgramTools.m */,
				E55B0EF31EFE0B5F007E2E16 /* sphere.fsh */,
				E55B0EF41EFE0B5F007E2E16 /* sphere.vsh */,
				E5580AFD1EEC0CD8001BEA47 /* ViewController.h */,
				E5580AFE1EEC0CD8001BEA47 /* ViewController.m */,
				E5580B001EEC0CD8001BEA47 /* Assets.xcassets */,
				E5555DA81EFF911B006B619B /* MainMenu.xib */,
				E5580B021EEC0CD8001BEA47 /* Main.storyboard */,
				E5580B051EEC0CD8001BEA47 /* Info.plist */,
				E5580AFA1EEC0CD8001BEA47 /* Supporting Files */,
			);
			path = IJKMediaDemo;
			sourceTree = "<group>";
		};
		E5580AFA1EEC0CD8001BEA47 /* Supporting Files */ = {
			isa = PBXGroup;
			children = (
				E5580AFB1EEC0CD8001BEA47 /* main.m */,
			);
			name = "Supporting Files";
			sourceTree = "<group>";
		};
		E5580B0D1EEC0CD8001BEA47 /* IJKMediaDemoTests */ = {
			isa = PBXGroup;
			children = (
				E5580B0E1EEC0CD8001BEA47 /* IJKMediaDemoTests.m */,
				E5580B101EEC0CD8001BEA47 /* Info.plist */,
			);
			path = IJKMediaDemoTests;
			sourceTree = "<group>";
		};
		E5580B181EEC0CD8001BEA47 /* IJKMediaDemoUITests */ = {
			isa = PBXGroup;
			children = (
				E5580B191EEC0CD8001BEA47 /* IJKMediaDemoUITests.m */,
				E5580B1B1EEC0CD8001BEA47 /* Info.plist */,
			);
			path = IJKMediaDemoUITests;
			sourceTree = "<group>";
		};
		E5580B281EEC0CE7001BEA47 /* Products */ = {
			isa = PBXGroup;
			children = (
				E5580B2D1EEC0CE7001BEA47 /* IJKMediaPlayer.framework */,
				E5580B2F1EEC0CE7001BEA47 /* IJKMediaPlayerTests.xctest */,
			);
			name = Products;
			sourceTree = "<group>";
		};
		E5580B341EEC0F91001BEA47 /* Frameworks */ = {
			isa = PBXGroup;
			children = (
				E521C0B81F7A10AF009CB14F /* libstdc++.tbd */,
				E5B6F9B51EF8E900004ECDD4 /* libiconv.2.4.0.tbd */,
				E5B6F9B31EF8E891004ECDD4 /* libxml2.tbd */,
				E5B6F9AE1EF8E808004ECDD4 /* VideoDecodeAcceleration.framework */,
				E5B6F9AC1EF8E702004ECDD4 /* libstdc++.6.tbd */,
				E5B6F9AA1EF8E65C004ECDD4 /* libdz.tbd */,
				E5B6F9A61EF8E5C6004ECDD4 /* libswresample.a */,
				E5B6F9A71EF8E5C6004ECDD4 /* libswscale.a */,
				E5B6F9961EF8E568004ECDD4 /* libavcodec.a */,
				E5B6F9971EF8E568004ECDD4 /* libavdevice.a */,
				E5B6F9981EF8E568004ECDD4 /* libavfilter.a */,
				E5B6F9991EF8E568004ECDD4 /* libavformat.a */,
				E5B6F99A1EF8E568004ECDD4 /* libavutil.a */,
				E5B6F83B1EF813E2004ECDD4 /* CoreAudio.framework */,
				E5B6F8391EF813D6004ECDD4 /* CoreAudioKit.framework */,
				E5B6F8361EF813CC004ECDD4 /* AudioUnit.framework */,
				E51F3D6B1EF2795E00B1B201 /* libglfw3.a */,
				E51F3CE01EF24FFB00B1B201 /* libglfw3.a */,
				E5580B491EEC1028001BEA47 /* QuartzCore.framework */,
				E5580B471EEC1021001BEA47 /* VideoToolbox.framework */,
				E5580B451EEC1012001BEA47 /* OpenGL.framework */,
				E5580B431EEC0FFE001BEA47 /* MediaPlayer.framework */,
				E5580B411EEC0FE8001BEA47 /* libbz2.tbd */,
				E5580B3B1EEC0FD1001BEA47 /* CoreGraphics.framework */,
				E5580B3C1EEC0FD1001BEA47 /* CoreMedia.framework */,
				E5580B3D1EEC0FD1001BEA47 /* CoreVideo.framework */,
				E5580B391EEC0FB2001BEA47 /* AVFoundation.framework */,
				E5580B371EEC0FA4001BEA47 /* AudioToolbox.framework */,
				E5580B351EEC0F91001BEA47 /* GLKit.framework */,
			);
			name = Frameworks;
			sourceTree = "<group>";
		};
/* End PBXGroup section */

/* Begin PBXNativeTarget section */
		E5580AF31EEC0CD8001BEA47 /* IJKMediaDemo */ = {
			isa = PBXNativeTarget;
			buildConfigurationList = E5580B1E1EEC0CD8001BEA47 /* Build configuration list for PBXNativeTarget "IJKMediaDemo" */;
			buildPhases = (
				E5580AF01EEC0CD8001BEA47 /* Sources */,
				E5580AF11EEC0CD8001BEA47 /* Frameworks */,
				E5580AF21EEC0CD8001BEA47 /* Resources */,
			);
			buildRules = (
			);
			dependencies = (
				E5580B311EEC0CFB001BEA47 /* PBXTargetDependency */,
			);
			name = IJKMediaDemo;
			productName = IJKMediaDemo;
			productReference = E5580AF41EEC0CD8001BEA47 /* IJKMediaDemo.app */;
			productType = "com.apple.product-type.application";
		};
		E5580B091EEC0CD8001BEA47 /* IJKMediaDemoTests */ = {
			isa = PBXNativeTarget;
			buildConfigurationList = E5580B211EEC0CD8001BEA47 /* Build configuration list for PBXNativeTarget "IJKMediaDemoTests" */;
			buildPhases = (
				E5580B061EEC0CD8001BEA47 /* Sources */,
				E5580B071EEC0CD8001BEA47 /* Frameworks */,
				E5580B081EEC0CD8001BEA47 /* Resources */,
			);
			buildRules = (
			);
			dependencies = (
				E5580B0C1EEC0CD8001BEA47 /* PBXTargetDependency */,
			);
			name = IJKMediaDemoTests;
			productName = IJKMediaDemoTests;
			productReference = E5580B0A1EEC0CD8001BEA47 /* IJKMediaDemoTests.xctest */;
			productType = "com.apple.product-type.bundle.unit-test";
		};
		E5580B141EEC0CD8001BEA47 /* IJKMediaDemoUITests */ = {
			isa = PBXNativeTarget;
			buildConfigurationList = E5580B241EEC0CD8001BEA47 /* Build configuration list for PBXNativeTarget "IJKMediaDemoUITests" */;
			buildPhases = (
				E5580B111EEC0CD8001BEA47 /* Sources */,
				E5580B121EEC0CD8001BEA47 /* Frameworks */,
				E5580B131EEC0CD8001BEA47 /* Resources */,
			);
			buildRules = (
			);
			dependencies = (
				E5580B171EEC0CD8001BEA47 /* PBXTargetDependency */,
			);
			name = IJKMediaDemoUITests;
			productName = IJKMediaDemoUITests;
			productReference = E5580B151EEC0CD8001BEA47 /* IJKMediaDemoUITests.xctest */;
			productType = "com.apple.product-type.bundle.ui-testing";
		};
/* End PBXNativeTarget section */

/* Begin PBXProject section */
		E5580AEC1EEC0CD8001BEA47 /* Project object */ = {
			isa = PBXProject;
			attributes = {
				LastUpgradeCheck = 0830;
				ORGANIZATIONNAME = detu;
				TargetAttributes = {
					E5580AF31EEC0CD8001BEA47 = {
						CreatedOnToolsVersion = 8.3.3;
						DevelopmentTeam = YS5EJK97LA;
						ProvisioningStyle = Automatic;
					};
					E5580B091EEC0CD8001BEA47 = {
						CreatedOnToolsVersion = 8.3.3;
						DevelopmentTeam = YS5EJK97LA;
						ProvisioningStyle = Automatic;
						TestTargetID = E5580AF31EEC0CD8001BEA47;
					};
					E5580B141EEC0CD8001BEA47 = {
						CreatedOnToolsVersion = 8.3.3;
						DevelopmentTeam = YS5EJK97LA;
						ProvisioningStyle = Automatic;
						TestTargetID = E5580AF31EEC0CD8001BEA47;
					};
				};
			};
			buildConfigurationList = E5580AEF1EEC0CD8001BEA47 /* Build configuration list for PBXProject "IJKMediaDemo" */;
			compatibilityVersion = "Xcode 3.2";
			developmentRegion = English;
			hasScannedForEncodings = 0;
			knownRegions = (
				en,
				Base,
			);
			mainGroup = E5580AEB1EEC0CD8001BEA47;
			productRefGroup = E5580AF51EEC0CD8001BEA47 /* Products */;
			projectDirPath = "";
			projectReferences = (
				{
					ProductGroup = E5580B281EEC0CE7001BEA47 /* Products */;
					ProjectRef = E5580B271EEC0CE7001BEA47 /* IJKMediaPlayer.xcodeproj */;
				},
			);
			projectRoot = "";
			targets = (
				E5580AF31EEC0CD8001BEA47 /* IJKMediaDemo */,
				E5580B091EEC0CD8001BEA47 /* IJKMediaDemoTests */,
				E5580B141EEC0CD8001BEA47 /* IJKMediaDemoUITests */,
			);
		};
/* End PBXProject section */

/* Begin PBXReferenceProxy section */
		E5580B2D1EEC0CE7001BEA47 /* IJKMediaPlayer.framework */ = {
			isa = PBXReferenceProxy;
			fileType = wrapper.framework;
			path = IJKMediaPlayer.framework;
			remoteRef = E5580B2C1EEC0CE7001BEA47 /* PBXContainerItemProxy */;
			sourceTree = BUILT_PRODUCTS_DIR;
		};
		E5580B2F1EEC0CE7001BEA47 /* IJKMediaPlayerTests.xctest */ = {
			isa = PBXReferenceProxy;
			fileType = wrapper.cfbundle;
			path = IJKMediaPlayerTests.xctest;
			remoteRef = E5580B2E1EEC0CE7001BEA47 /* PBXContainerItemProxy */;
			sourceTree = BUILT_PRODUCTS_DIR;
		};
/* End PBXReferenceProxy section */

/* Begin PBXResourcesBuildPhase section */
		E5580AF21EEC0CD8001BEA47 /* Resources */ = {
			isa = PBXResourcesBuildPhase;
			buildActionMask = 2147483647;
			files = (
				E55B0EFA1EFE0B5F007E2E16 /* sphere.vsh in Resources */,
				E5555DAA1EFF911B006B619B /* MainMenu.xib in Resources */,
				E5580B011EEC0CD8001BEA47 /* Assets.xcassets in Resources */,
				E5580B041EEC0CD8001BEA47 /* Main.storyboard in Resources */,
				E55B0EF91EFE0B5F007E2E16 /* sphere.fsh in Resources */,
			);
			runOnlyForDeploymentPostprocessing = 0;
		};
		E5580B081EEC0CD8001BEA47 /* Resources */ = {
			isa = PBXResourcesBuildPhase;
			buildActionMask = 2147483647;
			files = (
			);
			runOnlyForDeploymentPostprocessing = 0;
		};
		E5580B131EEC0CD8001BEA47 /* Resources */ = {
			isa = PBXResourcesBuildPhase;
			buildActionMask = 2147483647;
			files = (
			);
			runOnlyForDeploymentPostprocessing = 0;
		};
/* End PBXResourcesBuildPhase section */

/* Begin PBXSourcesBuildPhase section */
		E5580AF01EEC0CD8001BEA47 /* Sources */ = {
			isa = PBXSourcesBuildPhase;
			buildActionMask = 2147483647;
			files = (
				E55B0EF71EFE0B5F007E2E16 /* GlRender.m in Sources */,
				E5580AFF1EEC0CD8001BEA47 /* ViewController.m in Sources */,
				E55B0EF81EFE0B5F007E2E16 /* ProgramTools.m in Sources */,
				E5580AFC1EEC0CD8001BEA47 /* main.m in Sources */,
				E5580AF91EEC0CD8001BEA47 /* AppDelegate.m in Sources */,
				E55B0EF61EFE0B5F007E2E16 /* GlFlatRender.m in Sources */,
				E55B0EFF1EFE3092007E2E16 /* GLView.m in Sources */,
				E55B0EF51EFE0B5F007E2E16 /* GLEssentialsGLView.m in Sources */,
			);
			runOnlyForDeploymentPostprocessing = 0;
		};
		E5580B061EEC0CD8001BEA47 /* Sources */ = {
			isa = PBXSourcesBuildPhase;
			buildActionMask = 2147483647;
			files = (
				E5580B0F1EEC0CD8001BEA47 /* IJKMediaDemoTests.m in Sources */,
			);
			runOnlyForDeploymentPostprocessing = 0;
		};
		E5580B111EEC0CD8001BEA47 /* Sources */ = {
			isa = PBXSourcesBuildPhase;
			buildActionMask = 2147483647;
			files = (
				E5580B1A1EEC0CD8001BEA47 /* IJKMediaDemoUITests.m in Sources */,
			);
			runOnlyForDeploymentPostprocessing = 0;
		};
/* End PBXSourcesBuildPhase section */

/* Begin PBXTargetDependency section */
		E5580B0C1EEC0CD8001BEA47 /* PBXTargetDependency */ = {
			isa = PBXTargetDependency;
			target = E5580AF31EEC0CD8001BEA47 /* IJKMediaDemo */;
			targetProxy = E5580B0B1EEC0CD8001BEA47 /* PBXContainerItemProxy */;
		};
		E5580B171EEC0CD8001BEA47 /* PBXTargetDependency */ = {
			isa = PBXTargetDependency;
			target = E5580AF31EEC0CD8001BEA47 /* IJKMediaDemo */;
			targetProxy = E5580B161EEC0CD8001BEA47 /* PBXContainerItemProxy */;
		};
		E5580B311EEC0CFB001BEA47 /* PBXTargetDependency */ = {
			isa = PBXTargetDependency;
			name = IJKMediaPlayer;
			targetProxy = E5580B301EEC0CFB001BEA47 /* PBXContainerItemProxy */;
		};
/* End PBXTargetDependency section */

/* Begin PBXVariantGroup section */
		E5555DA81EFF911B006B619B /* MainMenu.xib */ = {
			isa = PBXVariantGroup;
			children = (
				E5555DA91EFF911B006B619B /* Base */,
			);
			name = MainMenu.xib;
			sourceTree = "<group>";
		};
		E5580B021EEC0CD8001BEA47 /* Main.storyboard */ = {
			isa = PBXVariantGroup;
			children = (
				E5580B031EEC0CD8001BEA47 /* Base */,
			);
			name = Main.storyboard;
			sourceTree = "<group>";
		};
/* End PBXVariantGroup section */

/* Begin XCBuildConfiguration section */
		E5580B1C1EEC0CD8001BEA47 /* Debug */ = {
			isa = XCBuildConfiguration;
			buildSettings = {
				ALWAYS_SEARCH_USER_PATHS = NO;
				CLANG_ANALYZER_NONNULL = YES;
				CLANG_ANALYZER_NUMBER_OBJECT_CONVERSION = YES_AGGRESSIVE;
				CLANG_CXX_LANGUAGE_STANDARD = "gnu++0x";
				CLANG_CXX_LIBRARY = "libc++";
				CLANG_ENABLE_MODULES = YES;
				CLANG_ENABLE_OBJC_ARC = YES;
				CLANG_WARN_BOOL_CONVERSION = YES;
				CLANG_WARN_CONSTANT_CONVERSION = YES;
				CLANG_WARN_DIRECT_OBJC_ISA_USAGE = YES_ERROR;
				CLANG_WARN_DOCUMENTATION_COMMENTS = YES;
				CLANG_WARN_EMPTY_BODY = YES;
				CLANG_WARN_ENUM_CONVERSION = YES;
				CLANG_WARN_INFINITE_RECURSION = YES;
				CLANG_WARN_INT_CONVERSION = YES;
				CLANG_WARN_OBJC_ROOT_CLASS = YES_ERROR;
				CLANG_WARN_SUSPICIOUS_MOVE = YES;
				CLANG_WARN_UNREACHABLE_CODE = YES;
				CLANG_WARN__DUPLICATE_METHOD_MATCH = YES;
				CODE_SIGN_IDENTITY = "-";
				COPY_PHASE_STRIP = NO;
				DEBUG_INFORMATION_FORMAT = dwarf;
				ENABLE_STRICT_OBJC_MSGSEND = YES;
				ENABLE_TESTABILITY = YES;
				GCC_C_LANGUAGE_STANDARD = gnu99;
				GCC_DYNAMIC_NO_PIC = NO;
				GCC_NO_COMMON_BLOCKS = YES;
				GCC_OPTIMIZATION_LEVEL = 0;
				GCC_PREPROCESSOR_DEFINITIONS = (
					"DEBUG=1",
					"$(inherited)",
				);
				GCC_WARN_64_TO_32_BIT_CONVERSION = YES;
				GCC_WARN_ABOUT_RETURN_TYPE = YES_ERROR;
				GCC_WARN_UNDECLARED_SELECTOR = YES;
				GCC_WARN_UNINITIALIZED_AUTOS = YES_AGGRESSIVE;
				GCC_WARN_UNUSED_FUNCTION = YES;
				GCC_WARN_UNUSED_VARIABLE = YES;
				MACOSX_DEPLOYMENT_TARGET = 10.12;
				MTL_ENABLE_DEBUG_INFO = YES;
				ONLY_ACTIVE_ARCH = YES;
				SDKROOT = macosx;
			};
			name = Debug;
		};
		E5580B1D1EEC0CD8001BEA47 /* Release */ = {
			isa = XCBuildConfiguration;
			buildSettings = {
				ALWAYS_SEARCH_USER_PATHS = NO;
				CLANG_ANALYZER_NONNULL = YES;
				CLANG_ANALYZER_NUMBER_OBJECT_CONVERSION = YES_AGGRESSIVE;
				CLANG_CXX_LANGUAGE_STANDARD = "gnu++0x";
				CLANG_CXX_LIBRARY = "libc++";
				CLANG_ENABLE_MODULES = YES;
				CLANG_ENABLE_OBJC_ARC = YES;
				CLANG_WARN_BOOL_CONVERSION = YES;
				CLANG_WARN_CONSTANT_CONVERSION = YES;
				CLANG_WARN_DIRECT_OBJC_ISA_USAGE = YES_ERROR;
				CLANG_WARN_DOCUMENTATION_COMMENTS = YES;
				CLANG_WARN_EMPTY_BODY = YES;
				CLANG_WARN_ENUM_CONVERSION = YES;
				CLANG_WARN_INFINITE_RECURSION = YES;
				CLANG_WARN_INT_CONVERSION = YES;
				CLANG_WARN_OBJC_ROOT_CLASS = YES_ERROR;
				CLANG_WARN_SUSPICIOUS_MOVE = YES;
				CLANG_WARN_UNREACHABLE_CODE = YES;
				CLANG_WARN__DUPLICATE_METHOD_MATCH = YES;
				CODE_SIGN_IDENTITY = "-";
				COPY_PHASE_STRIP = NO;
				DEBUG_INFORMATION_FORMAT = "dwarf-with-dsym";
				ENABLE_NS_ASSERTIONS = NO;
				ENABLE_STRICT_OBJC_MSGSEND = YES;
				GCC_C_LANGUAGE_STANDARD = gnu99;
				GCC_NO_COMMON_BLOCKS = YES;
				GCC_WARN_64_TO_32_BIT_CONVERSION = YES;
				GCC_WARN_ABOUT_RETURN_TYPE = YES_ERROR;
				GCC_WARN_UNDECLARED_SELECTOR = YES;
				GCC_WARN_UNINITIALIZED_AUTOS = YES_AGGRESSIVE;
				GCC_WARN_UNUSED_FUNCTION = YES;
				GCC_WARN_UNUSED_VARIABLE = YES;
				MACOSX_DEPLOYMENT_TARGET = 10.12;
				MTL_ENABLE_DEBUG_INFO = NO;
				SDKROOT = macosx;
			};
			name = Release;
		};
		E5580B1F1EEC0CD8001BEA47 /* Debug */ = {
			isa = XCBuildConfiguration;
			buildSettings = {
				ASSETCATALOG_COMPILER_APPICON_NAME = AppIcon;
				COMBINE_HIDPI_IMAGES = YES;
				DEVELOPMENT_TEAM = YS5EJK97LA;
				HEADER_SEARCH_PATHS = (
					../library/GLFW,
					../IJKMediaPlayer/IJKMediaPlayer/ijkmedia/ijksdl/ios,
					../../ijkmedia/ijksdl,
					../../ijkmedia/ijksdl/ffmpeg,
					../../ijkmedia/ijksdl/ijkplayer,
					../IJKMediaPlayer/IJKMediaPlayer/ijkmedia,
					../../ijkmedia,
					../library/,
					../library/IJKMediaPlayer.framework/headers,
					../library/IJKMediaPlayer.framework/,
					../IJKMediaPlayer/IJKMediaPlayer/,
				);
				INFOPLIST_FILE = IJKMediaDemo/Info.plist;
				LD_RUNPATH_SEARCH_PATHS = "$(inherited) @executable_path/../Frameworks";
				LIBRARY_SEARCH_PATHS = ../library;
				OTHER_LDFLAGS = "-lz";
				PRODUCT_BUNDLE_IDENTIFIER = com.detu.IJKMediaDemo;
				PRODUCT_NAME = "$(TARGET_NAME)";
			};
			name = Debug;
		};
		E5580B201EEC0CD8001BEA47 /* Release */ = {
			isa = XCBuildConfiguration;
			buildSettings = {
				ASSETCATALOG_COMPILER_APPICON_NAME = AppIcon;
				COMBINE_HIDPI_IMAGES = YES;
				DEVELOPMENT_TEAM = YS5EJK97LA;
				HEADER_SEARCH_PATHS = (
					../library/GLFW,
					../IJKMediaPlayer/IJKMediaPlayer/ijkmedia/ijksdl/ios,
					../../ijkmedia/ijksdl,
					../../ijkmedia/ijksdl/ffmpeg,
					../../ijkmedia/ijksdl/ijkplayer,
					../IJKMediaPlayer/IJKMediaPlayer/ijkmedia,
					../../ijkmedia,
					../library/,
					../library/IJKMediaPlayer.framework/headers,
					../library/IJKMediaPlayer.framework/,
					../IJKMediaPlayer/IJKMediaPlayer/,
				);
				INFOPLIST_FILE = IJKMediaDemo/Info.plist;
				LD_RUNPATH_SEARCH_PATHS = "$(inherited) @executable_path/../Frameworks";
				LIBRARY_SEARCH_PATHS = ../library;
				OTHER_LDFLAGS = "-lz";
				PRODUCT_BUNDLE_IDENTIFIER = com.detu.IJKMediaDemo;
				PRODUCT_NAME = "$(TARGET_NAME)";
			};
			name = Release;
		};
		E5580B221EEC0CD8001BEA47 /* Debug */ = {
			isa = XCBuildConfiguration;
			buildSettings = {
				BUNDLE_LOADER = "$(TEST_HOST)";
				COMBINE_HIDPI_IMAGES = YES;
				DEVELOPMENT_TEAM = YS5EJK97LA;
				INFOPLIST_FILE = IJKMediaDemoTests/Info.plist;
				LD_RUNPATH_SEARCH_PATHS = "$(inherited) @executable_path/../Frameworks @loader_path/../Frameworks";
				PRODUCT_BUNDLE_IDENTIFIER = com.detu.IJKMediaDemoTests;
				PRODUCT_NAME = "$(TARGET_NAME)";
				TEST_HOST = "$(BUILT_PRODUCTS_DIR)/IJKMediaDemo.app/Contents/MacOS/IJKMediaDemo";
			};
			name = Debug;
		};
		E5580B231EEC0CD8001BEA47 /* Release */ = {
			isa = XCBuildConfiguration;
			buildSettings = {
				BUNDLE_LOADER = "$(TEST_HOST)";
				COMBINE_HIDPI_IMAGES = YES;
				DEVELOPMENT_TEAM = YS5EJK97LA;
				INFOPLIST_FILE = IJKMediaDemoTests/Info.plist;
				LD_RUNPATH_SEARCH_PATHS = "$(inherited) @executable_path/../Frameworks @loader_path/../Frameworks";
				PRODUCT_BUNDLE_IDENTIFIER = com.detu.IJKMediaDemoTests;
				PRODUCT_NAME = "$(TARGET_NAME)";
				TEST_HOST = "$(BUILT_PRODUCTS_DIR)/IJKMediaDemo.app/Contents/MacOS/IJKMediaDemo";
			};
			name = Release;
		};
		E5580B251EEC0CD8001BEA47 /* Debug */ = {
			isa = XCBuildConfiguration;
			buildSettings = {
				COMBINE_HIDPI_IMAGES = YES;
				DEVELOPMENT_TEAM = YS5EJK97LA;
				INFOPLIST_FILE = IJKMediaDemoUITests/Info.plist;
				LD_RUNPATH_SEARCH_PATHS = "$(inherited) @executable_path/../Frameworks @loader_path/../Frameworks";
				PRODUCT_BUNDLE_IDENTIFIER = com.detu.IJKMediaDemoUITests;
				PRODUCT_NAME = "$(TARGET_NAME)";
				TEST_TARGET_NAME = IJKMediaDemo;
			};
			name = Debug;
		};
		E5580B261EEC0CD8001BEA47 /* Release */ = {
			isa = XCBuildConfiguration;
			buildSettings = {
				COMBINE_HIDPI_IMAGES = YES;
				DEVELOPMENT_TEAM = YS5EJK97LA;
				INFOPLIST_FILE = IJKMediaDemoUITests/Info.plist;
				LD_RUNPATH_SEARCH_PATHS = "$(inherited) @executable_path/../Frameworks @loader_path/../Frameworks";
				PRODUCT_BUNDLE_IDENTIFIER = com.detu.IJKMediaDemoUITests;
				PRODUCT_NAME = "$(TARGET_NAME)";
				TEST_TARGET_NAME = IJKMediaDemo;
			};
			name = Release;
		};
/* End XCBuildConfiguration section */

/* Begin XCConfigurationList section */
		E5580AEF1EEC0CD8001BEA47 /* Build configuration list for PBXProject "IJKMediaDemo" */ = {
			isa = XCConfigurationList;
			buildConfigurations = (
				E5580B1C1EEC0CD8001BEA47 /* Debug */,
				E5580B1D1EEC0CD8001BEA47 /* Release */,
			);
			defaultConfigurationIsVisible = 0;
			defaultConfigurationName = Release;
		};
		E5580B1E1EEC0CD8001BEA47 /* Build configuration list for PBXNativeTarget "IJKMediaDemo" */ = {
			isa = XCConfigurationList;
			buildConfigurations = (
				E5580B1F1EEC0CD8001BEA47 /* Debug */,
				E5580B201EEC0CD8001BEA47 /* Release */,
			);
			defaultConfigurationIsVisible = 0;
			defaultConfigurationName = Release;
		};
		E5580B211EEC0CD8001BEA47 /* Build configuration list for PBXNativeTarget "IJKMediaDemoTests" */ = {
			isa = XCConfigurationList;
			buildConfigurations = (
				E5580B221EEC0CD8001BEA47 /* Debug */,
				E5580B231EEC0CD8001BEA47 /* Release */,
			);
			defaultConfigurationIsVisible = 0;
			defaultConfigurationName = Release;
		};
		E5580B241EEC0CD8001BEA47 /* Build configuration list for PBXNativeTarget "IJKMediaDemoUITests" */ = {
			isa = XCConfigurationList;
			buildConfigurations = (
				E5580B251EEC0CD8001BEA47 /* Debug */,
				E5580B261EEC0CD8001BEA47 /* Release */,
			);
			defaultConfigurationIsVisible = 0;
			defaultConfigurationName = Release;
		};
/* End XCConfigurationList section */
	};
	rootObject = E5580AEC1EEC0CD8001BEA47 /* Project object */;
}
